// !$*UTF8*$!
{
	archiveVersion = 1;
	classes = {
	};
	objectVersion = 46;
	objects = {

/* Begin PBXBuildFile section */
		3E7860C81B9FB0E7004013AB /* Images.xcassets in Resources */ = {isa = PBXBuildFile; fileRef = 3E7860C71B9FB0E7004013AB /* Images.xcassets */; };
		3E7860CB1B9FB0E7004013AB /* LaunchScreen.xib in Resources */ = {isa = PBXBuildFile; fileRef = 3E7860C91B9FB0E7004013AB /* LaunchScreen.xib */; };
		3E80C2951BC5F5010031CE3F /* pop-ios-Info.plist in Resources */ = {isa = PBXBuildFile; fileRef = 3E80C25F1BC5F5010031CE3F /* pop-ios-Info.plist */; };
		3E80C2961BC5F5010031CE3F /* pop-osx-Info.plist in Resources */ = {isa = PBXBuildFile; fileRef = 3E80C2601BC5F5010031CE3F /* pop-osx-Info.plist */; };
		3E80C2971BC5F5010031CE3F /* POPAnimatableProperty.mm in Sources */ = {isa = PBXBuildFile; fileRef = 3E80C2641BC5F5010031CE3F /* POPAnimatableProperty.mm */; };
		3E80C2981BC5F5010031CE3F /* POPAnimation.mm in Sources */ = {isa = PBXBuildFile; fileRef = 3E80C2661BC5F5010031CE3F /* POPAnimation.mm */; };
		3E80C2991BC5F5010031CE3F /* POPAnimationEvent.mm in Sources */ = {isa = PBXBuildFile; fileRef = 3E80C2681BC5F5010031CE3F /* POPAnimationEvent.mm */; };
		3E80C29A1BC5F5010031CE3F /* POPAnimationExtras.mm in Sources */ = {isa = PBXBuildFile; fileRef = 3E80C26B1BC5F5010031CE3F /* POPAnimationExtras.mm */; };
		3E80C29B1BC5F5010031CE3F /* POPAnimationRuntime.mm in Sources */ = {isa = PBXBuildFile; fileRef = 3E80C26F1BC5F5010031CE3F /* POPAnimationRuntime.mm */; };
		3E80C29C1BC5F5010031CE3F /* POPAnimationTracer.mm in Sources */ = {isa = PBXBuildFile; fileRef = 3E80C2711BC5F5010031CE3F /* POPAnimationTracer.mm */; };
		3E80C29D1BC5F5010031CE3F /* POPAnimator.mm in Sources */ = {isa = PBXBuildFile; fileRef = 3E80C2741BC5F5010031CE3F /* POPAnimator.mm */; };
		3E80C29E1BC5F5010031CE3F /* POPBasicAnimation.mm in Sources */ = {isa = PBXBuildFile; fileRef = 3E80C2771BC5F5010031CE3F /* POPBasicAnimation.mm */; };
		3E80C29F1BC5F5010031CE3F /* POPCGUtils.mm in Sources */ = {isa = PBXBuildFile; fileRef = 3E80C27A1BC5F5010031CE3F /* POPCGUtils.mm */; };
		3E80C2A01BC5F5010031CE3F /* POPCustomAnimation.mm in Sources */ = {isa = PBXBuildFile; fileRef = 3E80C27C1BC5F5010031CE3F /* POPCustomAnimation.mm */; };
		3E80C2A11BC5F5010031CE3F /* POPDecayAnimation.mm in Sources */ = {isa = PBXBuildFile; fileRef = 3E80C27E1BC5F5010031CE3F /* POPDecayAnimation.mm */; };
		3E80C2A21BC5F5010031CE3F /* POPGeometry.mm in Sources */ = {isa = PBXBuildFile; fileRef = 3E80C2821BC5F5010031CE3F /* POPGeometry.mm */; };
		3E80C2A31BC5F5010031CE3F /* POPLayerExtras.mm in Sources */ = {isa = PBXBuildFile; fileRef = 3E80C2841BC5F5010031CE3F /* POPLayerExtras.mm */; };
		3E80C2A41BC5F5010031CE3F /* POPMath.mm in Sources */ = {isa = PBXBuildFile; fileRef = 3E80C2861BC5F5010031CE3F /* POPMath.mm */; };
		3E80C2A51BC5F5010031CE3F /* POPPropertyAnimation.mm in Sources */ = {isa = PBXBuildFile; fileRef = 3E80C2881BC5F5010031CE3F /* POPPropertyAnimation.mm */; };
		3E80C2A61BC5F5010031CE3F /* POPSpringAnimation.mm in Sources */ = {isa = PBXBuildFile; fileRef = 3E80C28B1BC5F5010031CE3F /* POPSpringAnimation.mm */; };
		3E80C2A71BC5F5010031CE3F /* POPVector.mm in Sources */ = {isa = PBXBuildFile; fileRef = 3E80C28F1BC5F5010031CE3F /* POPVector.mm */; };
		3E80C2A81BC5F5010031CE3F /* TransformationMatrix.cpp in Sources */ = {isa = PBXBuildFile; fileRef = 3E80C2921BC5F5010031CE3F /* TransformationMatrix.cpp */; };
		5D0F7EAE1BC8504E00FBEE0A /* DraftboardArrowButton.swift in Sources */ = {isa = PBXBuildFile; fileRef = 5D0F7EAD1BC8504E00FBEE0A /* DraftboardArrowButton.swift */; };
		5D0F7EB01BC86B4E00FBEE0A /* card-bg.png in Resources */ = {isa = PBXBuildFile; fileRef = 5D0F7EAF1BC86B4E00FBEE0A /* card-bg.png */; };
		5D26FC6E1BBEE0A600ACF127 /* LabeledField.swift in Sources */ = {isa = PBXBuildFile; fileRef = 5D26FC6D1BBEE0A600ACF127 /* LabeledField.swift */; };
		5D26FC701BBEE0BD00ACF127 /* LabeledField.xib in Resources */ = {isa = PBXBuildFile; fileRef = 5D26FC6F1BBEE0BD00ACF127 /* LabeledField.xib */; };
		5D26FC721BBEE77300ACF127 /* AccountViewController.xib in Resources */ = {isa = PBXBuildFile; fileRef = 5D26FC711BBEE77300ACF127 /* AccountViewController.xib */; };
		5D26FC741BBEE78700ACF127 /* AccountViewController.swift in Sources */ = {isa = PBXBuildFile; fileRef = 5D26FC731BBEE78700ACF127 /* AccountViewController.swift */; };
		5D26FC761BBF211600ACF127 /* DraftboardSegmentedView.swift in Sources */ = {isa = PBXBuildFile; fileRef = 5D26FC751BBF211600ACF127 /* DraftboardSegmentedView.swift */; };
		5D26FC7C1BBF228400ACF127 /* DraftboardSegmentedView.xib in Resources */ = {isa = PBXBuildFile; fileRef = 5D26FC7B1BBF228400ACF127 /* DraftboardSegmentedView.xib */; };
		5D26FC7E1BBF2D9D00ACF127 /* DraftboardSegmentedButton.swift in Sources */ = {isa = PBXBuildFile; fileRef = 5D26FC7D1BBF2D9D00ACF127 /* DraftboardSegmentedButton.swift */; };
		5D4B87101BB305CF00B58EDF /* RootViewController.xib in Resources */ = {isa = PBXBuildFile; fileRef = 5D4B870F1BB305CF00B58EDF /* RootViewController.xib */; };
		5D4B87461BB338BB00B58EDF /* DraftboardTitlebar.xib in Resources */ = {isa = PBXBuildFile; fileRef = 5D4B87451BB338BB00B58EDF /* DraftboardTitlebar.xib */; };
		5D4E63411BAB75D80033C4C2 /* Oswald-Bold.ttf in Resources */ = {isa = PBXBuildFile; fileRef = 5D4E633E1BAB750F0033C4C2 /* Oswald-Bold.ttf */; };
		5D4E63421BAB75D80033C4C2 /* Oswald-Light.ttf in Resources */ = {isa = PBXBuildFile; fileRef = 5D4E633F1BAB750F0033C4C2 /* Oswald-Light.ttf */; };
		5D4E63431BAB75D80033C4C2 /* Oswald-Regular.ttf in Resources */ = {isa = PBXBuildFile; fileRef = 5D4E63401BAB750F0033C4C2 /* Oswald-Regular.ttf */; };
		5D4E63441BAB75D80033C4C2 /* OpenSans-Bold.ttf in Resources */ = {isa = PBXBuildFile; fileRef = 5D4E63341BAB75010033C4C2 /* OpenSans-Bold.ttf */; };
		5D4E63451BAB75D80033C4C2 /* OpenSans-BoldItalic.ttf in Resources */ = {isa = PBXBuildFile; fileRef = 5D4E63351BAB75010033C4C2 /* OpenSans-BoldItalic.ttf */; };
		5D4E63461BAB75D80033C4C2 /* OpenSans-ExtraBold.ttf in Resources */ = {isa = PBXBuildFile; fileRef = 5D4E63361BAB75010033C4C2 /* OpenSans-ExtraBold.ttf */; };
		5D4E63471BAB75D80033C4C2 /* OpenSans-ExtraBoldItalic.ttf in Resources */ = {isa = PBXBuildFile; fileRef = 5D4E63371BAB75010033C4C2 /* OpenSans-ExtraBoldItalic.ttf */; };
		5D4E63481BAB75D80033C4C2 /* OpenSans-Italic.ttf in Resources */ = {isa = PBXBuildFile; fileRef = 5D4E63381BAB75010033C4C2 /* OpenSans-Italic.ttf */; };
		5D4E63491BAB75D80033C4C2 /* OpenSans-Light.ttf in Resources */ = {isa = PBXBuildFile; fileRef = 5D4E63391BAB75010033C4C2 /* OpenSans-Light.ttf */; };
		5D4E634A1BAB75D80033C4C2 /* OpenSans-LightItalic.ttf in Resources */ = {isa = PBXBuildFile; fileRef = 5D4E633A1BAB75010033C4C2 /* OpenSans-LightItalic.ttf */; };
		5D4E634B1BAB75D80033C4C2 /* OpenSans-Regular.ttf in Resources */ = {isa = PBXBuildFile; fileRef = 5D4E633B1BAB75010033C4C2 /* OpenSans-Regular.ttf */; };
		5D4E634C1BAB75D80033C4C2 /* OpenSans-Semibold.ttf in Resources */ = {isa = PBXBuildFile; fileRef = 5D4E633C1BAB75010033C4C2 /* OpenSans-Semibold.ttf */; };
		5D4E634D1BAB75D80033C4C2 /* OpenSans-SemiboldItalic.ttf in Resources */ = {isa = PBXBuildFile; fileRef = 5D4E633D1BAB75010033C4C2 /* OpenSans-SemiboldItalic.ttf */; };
		5D6237A61BB61E000007E62A /* ContestsHeaderCell.xib in Resources */ = {isa = PBXBuildFile; fileRef = 5D62379F1BB61E000007E62A /* ContestsHeaderCell.xib */; };
		5D6237A81BB61E000007E62A /* ContestsListController.xib in Resources */ = {isa = PBXBuildFile; fileRef = 5D6237A11BB61E000007E62A /* ContestsListController.xib */; };
		5D6237AA1BB61E000007E62A /* DraftboardContestsCell.xib in Resources */ = {isa = PBXBuildFile; fileRef = 5D6237A31BB61E000007E62A /* DraftboardContestsCell.xib */; };
		5D6237BD1BB61F7B0007E62A /* LineupCardView.swift in Sources */ = {isa = PBXBuildFile; fileRef = 5D6237B01BB61F7B0007E62A /* LineupCardView.swift */; };
		5D6237BE1BB61F7B0007E62A /* LineupCardView.xib in Resources */ = {isa = PBXBuildFile; fileRef = 5D6237B11BB61F7B0007E62A /* LineupCardView.xib */; };
		5D6237BF1BB61F7B0007E62A /* LineupCellView.swift in Sources */ = {isa = PBXBuildFile; fileRef = 5D6237B21BB61F7B0007E62A /* LineupCellView.swift */; };
		5D6237C01BB61F7B0007E62A /* LineupCellView.xib in Resources */ = {isa = PBXBuildFile; fileRef = 5D6237B31BB61F7B0007E62A /* LineupCellView.xib */; };
		5D6237C11BB61F7B0007E62A /* LineupEmptyCellView.swift in Sources */ = {isa = PBXBuildFile; fileRef = 5D6237B41BB61F7B0007E62A /* LineupEmptyCellView.swift */; };
		5D6237C21BB61F7B0007E62A /* LineupEmptyCellView.xib in Resources */ = {isa = PBXBuildFile; fileRef = 5D6237B51BB61F7B0007E62A /* LineupEmptyCellView.xib */; };
		5D6237C31BB61F7B0007E62A /* LineupListController.xib in Resources */ = {isa = PBXBuildFile; fileRef = 5D6237B61BB61F7B0007E62A /* LineupListController.xib */; };
		5D6237C41BB61F7B0007E62A /* LineupModel.swift in Sources */ = {isa = PBXBuildFile; fileRef = 5D6237B71BB61F7B0007E62A /* LineupModel.swift */; };
		5D6237C51BB61F7B0007E62A /* LineupNewViewController.swift in Sources */ = {isa = PBXBuildFile; fileRef = 5D6237B81BB61F7B0007E62A /* LineupNewViewController.swift */; };
		5D6237C61BB61F7B0007E62A /* LineupNewViewController.xib in Resources */ = {isa = PBXBuildFile; fileRef = 5D6237B91BB61F7B0007E62A /* LineupNewViewController.xib */; };
		5D6237C71BB61F7B0007E62A /* LineupsDetailController.swift in Sources */ = {isa = PBXBuildFile; fileRef = 5D6237BA1BB61F7B0007E62A /* LineupsDetailController.swift */; };
		5D6237C81BB61F7B0007E62A /* LineupListController.swift in Sources */ = {isa = PBXBuildFile; fileRef = 5D6237BB1BB61F7B0007E62A /* LineupListController.swift */; };
		5D6237C91BB61F7B0007E62A /* LineupsNavigationController.swift in Sources */ = {isa = PBXBuildFile; fileRef = 5D6237BC1BB61F7B0007E62A /* LineupsNavigationController.swift */; };
		5D6237CB1BB61F9B0007E62A /* AppDelegate.swift in Sources */ = {isa = PBXBuildFile; fileRef = 3E7860E01B9FB195004013AB /* AppDelegate.swift */; };
		5D6237CC1BB61F9B0007E62A /* Closures.swift in Sources */ = {isa = PBXBuildFile; fileRef = 5D4412171BAA163700A86111 /* Closures.swift */; };
		5D6237CD1BB61FA80007E62A /* ContestModel.swift in Sources */ = {isa = PBXBuildFile; fileRef = 5D62379D1BB61E000007E62A /* ContestModel.swift */; };
		5D6237CE1BB61FA80007E62A /* ContestsHeaderCell.swift in Sources */ = {isa = PBXBuildFile; fileRef = 5D62379E1BB61E000007E62A /* ContestsHeaderCell.swift */; };
		5D6237CF1BB61FA80007E62A /* ContestsListController.swift in Sources */ = {isa = PBXBuildFile; fileRef = 5D6237A01BB61E000007E62A /* ContestsListController.swift */; };
		5D6237D01BB61FA80007E62A /* ContestsNavigationController.swift in Sources */ = {isa = PBXBuildFile; fileRef = 5D6237AB1BB61E060007E62A /* ContestsNavigationController.swift */; };
		5D6237D11BB61FA80007E62A /* ContestsViewController.swift in Sources */ = {isa = PBXBuildFile; fileRef = 5D6237AC1BB61E060007E62A /* ContestsViewController.swift */; };
		5D6237D21BB61FA80007E62A /* DraftboardContestsCell.swift in Sources */ = {isa = PBXBuildFile; fileRef = 5D6237A21BB61E000007E62A /* DraftboardContestsCell.swift */; };
		5D6237D31BB61FB20007E62A /* LayoutRancor.swift in Sources */ = {isa = PBXBuildFile; fileRef = 3EA8B5AA1BA7ABC1002EEC32 /* LayoutRancor.swift */; };
		5D6237D41BB61FD60007E62A /* ResultsViewController.swift in Sources */ = {isa = PBXBuildFile; fileRef = 3E7860E41B9FB1CF004013AB /* ResultsViewController.swift */; };
		5D6237D51BB61FD60007E62A /* RootViewController.swift in Sources */ = {isa = PBXBuildFile; fileRef = 5DF14B3D1BB21A4200C3F07C /* RootViewController.swift */; };
		5D6237D61BB61FE70007E62A /* TabController.swift in Sources */ = {isa = PBXBuildFile; fileRef = 3E7860E21B9FB1B4004013AB /* TabController.swift */; };
		5D6237D71BB61FFB0007E62A /* UIColor+DraftboardColors.swift in Sources */ = {isa = PBXBuildFile; fileRef = 5D4B87371BB31AC800B58EDF /* UIColor+DraftboardColors.swift */; };
		5D6237D81BB61FFB0007E62A /* DraftboardTabBar.swift in Sources */ = {isa = PBXBuildFile; fileRef = 5D4B87221BB31AA800B58EDF /* DraftboardTabBar.swift */; };
		5D6237D91BB61FFB0007E62A /* DraftboardTitlebar.swift in Sources */ = {isa = PBXBuildFile; fileRef = 5D4B87431BB3388E00B58EDF /* DraftboardTitlebar.swift */; };
		5D6237DA1BB6200B0007E62A /* DraftboardFilterButton.swift in Sources */ = {isa = PBXBuildFile; fileRef = 9349317C1BB33969005738D4 /* DraftboardFilterButton.swift */; };
		5D6237DB1BB6200B0007E62A /* DraftboardImageView.swift in Sources */ = {isa = PBXBuildFile; fileRef = 5D4B87391BB31B0100B58EDF /* DraftboardImageView.swift */; };
		5D6237DC1BB6200B0007E62A /* DraftboardLabel.swift in Sources */ = {isa = PBXBuildFile; fileRef = 5D4B873A1BB31B0100B58EDF /* DraftboardLabel.swift */; };
		5D6237DD1BB6200B0007E62A /* DraftboardModalViewController.swift in Sources */ = {isa = PBXBuildFile; fileRef = 5D9E99511BB606100017E332 /* DraftboardModalViewController.swift */; };
		5D6237DE1BB6200B0007E62A /* DraftboardNibControl.swift in Sources */ = {isa = PBXBuildFile; fileRef = 5D4B873B1BB31B0100B58EDF /* DraftboardNibControl.swift */; };
		5D6237DF1BB6200B0007E62A /* DraftboardNibView.swift in Sources */ = {isa = PBXBuildFile; fileRef = 5D4B873C1BB31B0100B58EDF /* DraftboardNibView.swift */; };
		5D6237E01BB6200B0007E62A /* DraftboardView.swift in Sources */ = {isa = PBXBuildFile; fileRef = 5D4B873D1BB31B0100B58EDF /* DraftboardView.swift */; };
		5D6237E11BB6200B0007E62A /* DraftboardViewController.swift in Sources */ = {isa = PBXBuildFile; fileRef = 5D9E99531BB615590017E332 /* DraftboardViewController.swift */; };
		5D6237E21BB620320007E62A /* DraftboardButton.swift in Sources */ = {isa = PBXBuildFile; fileRef = 5D9D686F1BB5B59E00855501 /* DraftboardButton.swift */; };
		5D6237E31BB620320007E62A /* DraftboardRoundButton.swift in Sources */ = {isa = PBXBuildFile; fileRef = 5D9D68731BB5B59E00855501 /* DraftboardRoundButton.swift */; };
		5D901CE81BBB41F200E85374 /* DraftboardTabBarButton.swift in Sources */ = {isa = PBXBuildFile; fileRef = 5D901CE71BBB41F200E85374 /* DraftboardTabBarButton.swift */; };
		5D901CEA1BBB5E7800E85374 /* UIFont+DraftboardFonts.swift in Sources */ = {isa = PBXBuildFile; fileRef = 5D901CE91BBB5E7800E85374 /* UIFont+DraftboardFonts.swift */; };
		5D9C2FCD1BAC685E0076355D /* basketball-lineup.jpg in Resources */ = {isa = PBXBuildFile; fileRef = 5D9C2FCC1BAC685E0076355D /* basketball-lineup.jpg */; };
		5D9C2FD11BAC69BF0076355D /* court-floor.jpg in Resources */ = {isa = PBXBuildFile; fileRef = 5D9C2FD01BAC69BF0076355D /* court-floor.jpg */; };
		5DDF131F1BBAF86F007D8001 /* DraftboardTitlebarButton.swift in Sources */ = {isa = PBXBuildFile; fileRef = 5DDF131E1BBAF86F007D8001 /* DraftboardTitlebarButton.swift */; };
		9349317F1BB33969005738D4 /* DraftboardFilterButton.xib in Resources */ = {isa = PBXBuildFile; fileRef = 9349317D1BB33969005738D4 /* DraftboardFilterButton.xib */; };
		934B5EE01BB5B42C00502FC6 /* DraftboardEnums.swift in Sources */ = {isa = PBXBuildFile; fileRef = 934B5EDF1BB5B42C00502FC6 /* DraftboardEnums.swift */; };
		935EC2221BB5C92200FD1F18 /* MoneyBar.swift in Sources */ = {isa = PBXBuildFile; fileRef = 935EC2211BB5C92200FD1F18 /* MoneyBar.swift */; };
		935EC2241BB5E4B400FD1F18 /* LineupMoneyPoint.swift in Sources */ = {isa = PBXBuildFile; fileRef = 935EC2231BB5E4B400FD1F18 /* LineupMoneyPoint.swift */; };
		935EC22A1BB6178D00FD1F18 /* PieChart.swift in Sources */ = {isa = PBXBuildFile; fileRef = 935EC2291BB6178D00FD1F18 /* PieChart.swift */; };
/* End PBXBuildFile section */

/* Begin PBXCopyFilesBuildPhase section */
		5DC589471BA2106700B9D134 /* Embed Frameworks */ = {
			isa = PBXCopyFilesBuildPhase;
			buildActionMask = 2147483647;
			dstPath = "";
			dstSubfolderSpec = 10;
			files = (
			);
			name = "Embed Frameworks";
			runOnlyForDeploymentPostprocessing = 0;
		};
/* End PBXCopyFilesBuildPhase section */

/* Begin PBXFileReference section */
		3E7860BB1B9FB0E7004013AB /* Draftboard.app */ = {isa = PBXFileReference; explicitFileType = wrapper.application; includeInIndex = 0; path = Draftboard.app; sourceTree = BUILT_PRODUCTS_DIR; };
		3E7860BF1B9FB0E7004013AB /* Info.plist */ = {isa = PBXFileReference; lastKnownFileType = text.plist.xml; path = Info.plist; sourceTree = "<group>"; };
		3E7860C71B9FB0E7004013AB /* Images.xcassets */ = {isa = PBXFileReference; lastKnownFileType = folder.assetcatalog; path = Images.xcassets; sourceTree = "<group>"; };
		3E7860CA1B9FB0E7004013AB /* Base */ = {isa = PBXFileReference; lastKnownFileType = file.xib; name = Base; path = Base.lproj/LaunchScreen.xib; sourceTree = "<group>"; };
		3E7860E01B9FB195004013AB /* AppDelegate.swift */ = {isa = PBXFileReference; fileEncoding = 4; lastKnownFileType = sourcecode.swift; path = AppDelegate.swift; sourceTree = "<group>"; };
		3E7860E21B9FB1B4004013AB /* TabController.swift */ = {isa = PBXFileReference; fileEncoding = 4; lastKnownFileType = sourcecode.swift; path = TabController.swift; sourceTree = "<group>"; };
		3E7860E41B9FB1CF004013AB /* ResultsViewController.swift */ = {isa = PBXFileReference; fileEncoding = 4; lastKnownFileType = sourcecode.swift; path = ResultsViewController.swift; sourceTree = "<group>"; };
		3E80C25E1BC5F5010031CE3F /* module.modulemap */ = {isa = PBXFileReference; fileEncoding = 4; lastKnownFileType = "sourcecode.module-map"; path = module.modulemap; sourceTree = "<group>"; };
		3E80C25F1BC5F5010031CE3F /* pop-ios-Info.plist */ = {isa = PBXFileReference; fileEncoding = 4; lastKnownFileType = text.plist.xml; path = "pop-ios-Info.plist"; sourceTree = "<group>"; };
		3E80C2601BC5F5010031CE3F /* pop-osx-Info.plist */ = {isa = PBXFileReference; fileEncoding = 4; lastKnownFileType = text.plist.xml; path = "pop-osx-Info.plist"; sourceTree = "<group>"; };
		3E80C2611BC5F5010031CE3F /* POP.h */ = {isa = PBXFileReference; fileEncoding = 4; lastKnownFileType = sourcecode.c.h; path = POP.h; sourceTree = "<group>"; };
		3E80C2621BC5F5010031CE3F /* POPAction.h */ = {isa = PBXFileReference; fileEncoding = 4; lastKnownFileType = sourcecode.c.h; path = POPAction.h; sourceTree = "<group>"; };
		3E80C2631BC5F5010031CE3F /* POPAnimatableProperty.h */ = {isa = PBXFileReference; fileEncoding = 4; lastKnownFileType = sourcecode.c.h; path = POPAnimatableProperty.h; sourceTree = "<group>"; };
		3E80C2641BC5F5010031CE3F /* POPAnimatableProperty.mm */ = {isa = PBXFileReference; fileEncoding = 4; lastKnownFileType = sourcecode.cpp.objcpp; path = POPAnimatableProperty.mm; sourceTree = "<group>"; };
		3E80C2651BC5F5010031CE3F /* POPAnimation.h */ = {isa = PBXFileReference; fileEncoding = 4; lastKnownFileType = sourcecode.c.h; path = POPAnimation.h; sourceTree = "<group>"; };
		3E80C2661BC5F5010031CE3F /* POPAnimation.mm */ = {isa = PBXFileReference; fileEncoding = 4; lastKnownFileType = sourcecode.cpp.objcpp; path = POPAnimation.mm; sourceTree = "<group>"; };
		3E80C2671BC5F5010031CE3F /* POPAnimationEvent.h */ = {isa = PBXFileReference; fileEncoding = 4; lastKnownFileType = sourcecode.c.h; path = POPAnimationEvent.h; sourceTree = "<group>"; };
		3E80C2681BC5F5010031CE3F /* POPAnimationEvent.mm */ = {isa = PBXFileReference; fileEncoding = 4; lastKnownFileType = sourcecode.cpp.objcpp; path = POPAnimationEvent.mm; sourceTree = "<group>"; };
		3E80C2691BC5F5010031CE3F /* POPAnimationEventInternal.h */ = {isa = PBXFileReference; fileEncoding = 4; lastKnownFileType = sourcecode.c.h; path = POPAnimationEventInternal.h; sourceTree = "<group>"; };
		3E80C26A1BC5F5010031CE3F /* POPAnimationExtras.h */ = {isa = PBXFileReference; fileEncoding = 4; lastKnownFileType = sourcecode.c.h; path = POPAnimationExtras.h; sourceTree = "<group>"; };
		3E80C26B1BC5F5010031CE3F /* POPAnimationExtras.mm */ = {isa = PBXFileReference; fileEncoding = 4; lastKnownFileType = sourcecode.cpp.objcpp; path = POPAnimationExtras.mm; sourceTree = "<group>"; };
		3E80C26C1BC5F5010031CE3F /* POPAnimationInternal.h */ = {isa = PBXFileReference; fileEncoding = 4; lastKnownFileType = sourcecode.c.h; path = POPAnimationInternal.h; sourceTree = "<group>"; };
		3E80C26D1BC5F5010031CE3F /* POPAnimationPrivate.h */ = {isa = PBXFileReference; fileEncoding = 4; lastKnownFileType = sourcecode.c.h; path = POPAnimationPrivate.h; sourceTree = "<group>"; };
		3E80C26E1BC5F5010031CE3F /* POPAnimationRuntime.h */ = {isa = PBXFileReference; fileEncoding = 4; lastKnownFileType = sourcecode.c.h; path = POPAnimationRuntime.h; sourceTree = "<group>"; };
		3E80C26F1BC5F5010031CE3F /* POPAnimationRuntime.mm */ = {isa = PBXFileReference; fileEncoding = 4; lastKnownFileType = sourcecode.cpp.objcpp; path = POPAnimationRuntime.mm; sourceTree = "<group>"; };
		3E80C2701BC5F5010031CE3F /* POPAnimationTracer.h */ = {isa = PBXFileReference; fileEncoding = 4; lastKnownFileType = sourcecode.c.h; path = POPAnimationTracer.h; sourceTree = "<group>"; };
		3E80C2711BC5F5010031CE3F /* POPAnimationTracer.mm */ = {isa = PBXFileReference; fileEncoding = 4; lastKnownFileType = sourcecode.cpp.objcpp; path = POPAnimationTracer.mm; sourceTree = "<group>"; };
		3E80C2721BC5F5010031CE3F /* POPAnimationTracerInternal.h */ = {isa = PBXFileReference; fileEncoding = 4; lastKnownFileType = sourcecode.c.h; path = POPAnimationTracerInternal.h; sourceTree = "<group>"; };
		3E80C2731BC5F5010031CE3F /* POPAnimator.h */ = {isa = PBXFileReference; fileEncoding = 4; lastKnownFileType = sourcecode.c.h; path = POPAnimator.h; sourceTree = "<group>"; };
		3E80C2741BC5F5010031CE3F /* POPAnimator.mm */ = {isa = PBXFileReference; fileEncoding = 4; lastKnownFileType = sourcecode.cpp.objcpp; path = POPAnimator.mm; sourceTree = "<group>"; };
		3E80C2751BC5F5010031CE3F /* POPAnimatorPrivate.h */ = {isa = PBXFileReference; fileEncoding = 4; lastKnownFileType = sourcecode.c.h; path = POPAnimatorPrivate.h; sourceTree = "<group>"; };
		3E80C2761BC5F5010031CE3F /* POPBasicAnimation.h */ = {isa = PBXFileReference; fileEncoding = 4; lastKnownFileType = sourcecode.c.h; path = POPBasicAnimation.h; sourceTree = "<group>"; };
		3E80C2771BC5F5010031CE3F /* POPBasicAnimation.mm */ = {isa = PBXFileReference; fileEncoding = 4; lastKnownFileType = sourcecode.cpp.objcpp; path = POPBasicAnimation.mm; sourceTree = "<group>"; };
		3E80C2781BC5F5010031CE3F /* POPBasicAnimationInternal.h */ = {isa = PBXFileReference; fileEncoding = 4; lastKnownFileType = sourcecode.c.h; path = POPBasicAnimationInternal.h; sourceTree = "<group>"; };
		3E80C2791BC5F5010031CE3F /* POPCGUtils.h */ = {isa = PBXFileReference; fileEncoding = 4; lastKnownFileType = sourcecode.c.h; path = POPCGUtils.h; sourceTree = "<group>"; };
		3E80C27A1BC5F5010031CE3F /* POPCGUtils.mm */ = {isa = PBXFileReference; fileEncoding = 4; lastKnownFileType = sourcecode.cpp.objcpp; path = POPCGUtils.mm; sourceTree = "<group>"; };
		3E80C27B1BC5F5010031CE3F /* POPCustomAnimation.h */ = {isa = PBXFileReference; fileEncoding = 4; lastKnownFileType = sourcecode.c.h; path = POPCustomAnimation.h; sourceTree = "<group>"; };
		3E80C27C1BC5F5010031CE3F /* POPCustomAnimation.mm */ = {isa = PBXFileReference; fileEncoding = 4; lastKnownFileType = sourcecode.cpp.objcpp; path = POPCustomAnimation.mm; sourceTree = "<group>"; };
		3E80C27D1BC5F5010031CE3F /* POPDecayAnimation.h */ = {isa = PBXFileReference; fileEncoding = 4; lastKnownFileType = sourcecode.c.h; path = POPDecayAnimation.h; sourceTree = "<group>"; };
		3E80C27E1BC5F5010031CE3F /* POPDecayAnimation.mm */ = {isa = PBXFileReference; fileEncoding = 4; lastKnownFileType = sourcecode.cpp.objcpp; path = POPDecayAnimation.mm; sourceTree = "<group>"; };
		3E80C27F1BC5F5010031CE3F /* POPDecayAnimationInternal.h */ = {isa = PBXFileReference; fileEncoding = 4; lastKnownFileType = sourcecode.c.h; path = POPDecayAnimationInternal.h; sourceTree = "<group>"; };
		3E80C2801BC5F5010031CE3F /* POPDefines.h */ = {isa = PBXFileReference; fileEncoding = 4; lastKnownFileType = sourcecode.c.h; path = POPDefines.h; sourceTree = "<group>"; };
		3E80C2811BC5F5010031CE3F /* POPGeometry.h */ = {isa = PBXFileReference; fileEncoding = 4; lastKnownFileType = sourcecode.c.h; path = POPGeometry.h; sourceTree = "<group>"; };
		3E80C2821BC5F5010031CE3F /* POPGeometry.mm */ = {isa = PBXFileReference; fileEncoding = 4; lastKnownFileType = sourcecode.cpp.objcpp; path = POPGeometry.mm; sourceTree = "<group>"; };
		3E80C2831BC5F5010031CE3F /* POPLayerExtras.h */ = {isa = PBXFileReference; fileEncoding = 4; lastKnownFileType = sourcecode.c.h; path = POPLayerExtras.h; sourceTree = "<group>"; };
		3E80C2841BC5F5010031CE3F /* POPLayerExtras.mm */ = {isa = PBXFileReference; fileEncoding = 4; lastKnownFileType = sourcecode.cpp.objcpp; path = POPLayerExtras.mm; sourceTree = "<group>"; };
		3E80C2851BC5F5010031CE3F /* POPMath.h */ = {isa = PBXFileReference; fileEncoding = 4; lastKnownFileType = sourcecode.c.h; path = POPMath.h; sourceTree = "<group>"; };
		3E80C2861BC5F5010031CE3F /* POPMath.mm */ = {isa = PBXFileReference; fileEncoding = 4; lastKnownFileType = sourcecode.cpp.objcpp; path = POPMath.mm; sourceTree = "<group>"; };
		3E80C2871BC5F5010031CE3F /* POPPropertyAnimation.h */ = {isa = PBXFileReference; fileEncoding = 4; lastKnownFileType = sourcecode.c.h; path = POPPropertyAnimation.h; sourceTree = "<group>"; };
		3E80C2881BC5F5010031CE3F /* POPPropertyAnimation.mm */ = {isa = PBXFileReference; fileEncoding = 4; lastKnownFileType = sourcecode.cpp.objcpp; path = POPPropertyAnimation.mm; sourceTree = "<group>"; };
		3E80C2891BC5F5010031CE3F /* POPPropertyAnimationInternal.h */ = {isa = PBXFileReference; fileEncoding = 4; lastKnownFileType = sourcecode.c.h; path = POPPropertyAnimationInternal.h; sourceTree = "<group>"; };
		3E80C28A1BC5F5010031CE3F /* POPSpringAnimation.h */ = {isa = PBXFileReference; fileEncoding = 4; lastKnownFileType = sourcecode.c.h; path = POPSpringAnimation.h; sourceTree = "<group>"; };
		3E80C28B1BC5F5010031CE3F /* POPSpringAnimation.mm */ = {isa = PBXFileReference; fileEncoding = 4; lastKnownFileType = sourcecode.cpp.objcpp; path = POPSpringAnimation.mm; sourceTree = "<group>"; };
		3E80C28C1BC5F5010031CE3F /* POPSpringAnimationInternal.h */ = {isa = PBXFileReference; fileEncoding = 4; lastKnownFileType = sourcecode.c.h; path = POPSpringAnimationInternal.h; sourceTree = "<group>"; };
		3E80C28D1BC5F5010031CE3F /* POPSpringSolver.h */ = {isa = PBXFileReference; fileEncoding = 4; lastKnownFileType = sourcecode.c.h; path = POPSpringSolver.h; sourceTree = "<group>"; };
		3E80C28E1BC5F5010031CE3F /* POPVector.h */ = {isa = PBXFileReference; fileEncoding = 4; lastKnownFileType = sourcecode.c.h; path = POPVector.h; sourceTree = "<group>"; };
		3E80C28F1BC5F5010031CE3F /* POPVector.mm */ = {isa = PBXFileReference; fileEncoding = 4; lastKnownFileType = sourcecode.cpp.objcpp; path = POPVector.mm; sourceTree = "<group>"; };
		3E80C2911BC5F5010031CE3F /* FloatConversion.h */ = {isa = PBXFileReference; fileEncoding = 4; lastKnownFileType = sourcecode.c.h; path = FloatConversion.h; sourceTree = "<group>"; };
		3E80C2921BC5F5010031CE3F /* TransformationMatrix.cpp */ = {isa = PBXFileReference; fileEncoding = 4; lastKnownFileType = sourcecode.cpp.cpp; path = TransformationMatrix.cpp; sourceTree = "<group>"; };
		3E80C2931BC5F5010031CE3F /* TransformationMatrix.h */ = {isa = PBXFileReference; fileEncoding = 4; lastKnownFileType = sourcecode.c.h; path = TransformationMatrix.h; sourceTree = "<group>"; };
		3E80C2941BC5F5010031CE3F /* UnitBezier.h */ = {isa = PBXFileReference; fileEncoding = 4; lastKnownFileType = sourcecode.c.h; path = UnitBezier.h; sourceTree = "<group>"; };
		3E80C2A91BC5F51C0031CE3F /* BridgingHeader.h */ = {isa = PBXFileReference; lastKnownFileType = sourcecode.c.h; path = BridgingHeader.h; sourceTree = "<group>"; };
		3EA8B5AA1BA7ABC1002EEC32 /* LayoutRancor.swift */ = {isa = PBXFileReference; fileEncoding = 4; lastKnownFileType = sourcecode.swift; path = LayoutRancor.swift; sourceTree = "<group>"; };
		5D0F7EAD1BC8504E00FBEE0A /* DraftboardArrowButton.swift */ = {isa = PBXFileReference; fileEncoding = 4; lastKnownFileType = sourcecode.swift; path = DraftboardArrowButton.swift; sourceTree = "<group>"; };
		5D0F7EAF1BC86B4E00FBEE0A /* card-bg.png */ = {isa = PBXFileReference; lastKnownFileType = image.png; path = "card-bg.png"; sourceTree = "<group>"; };
		5D26FC6D1BBEE0A600ACF127 /* LabeledField.swift */ = {isa = PBXFileReference; fileEncoding = 4; lastKnownFileType = sourcecode.swift; path = LabeledField.swift; sourceTree = "<group>"; };
		5D26FC6F1BBEE0BD00ACF127 /* LabeledField.xib */ = {isa = PBXFileReference; fileEncoding = 4; lastKnownFileType = file.xib; path = LabeledField.xib; sourceTree = "<group>"; };
		5D26FC711BBEE77300ACF127 /* AccountViewController.xib */ = {isa = PBXFileReference; fileEncoding = 4; lastKnownFileType = file.xib; path = AccountViewController.xib; sourceTree = "<group>"; };
		5D26FC731BBEE78700ACF127 /* AccountViewController.swift */ = {isa = PBXFileReference; fileEncoding = 4; lastKnownFileType = sourcecode.swift; path = AccountViewController.swift; sourceTree = "<group>"; };
		5D26FC751BBF211600ACF127 /* DraftboardSegmentedView.swift */ = {isa = PBXFileReference; fileEncoding = 4; lastKnownFileType = sourcecode.swift; path = DraftboardSegmentedView.swift; sourceTree = "<group>"; };
		5D26FC7B1BBF228400ACF127 /* DraftboardSegmentedView.xib */ = {isa = PBXFileReference; fileEncoding = 4; lastKnownFileType = file.xib; path = DraftboardSegmentedView.xib; sourceTree = "<group>"; };
		5D26FC7D1BBF2D9D00ACF127 /* DraftboardSegmentedButton.swift */ = {isa = PBXFileReference; fileEncoding = 4; lastKnownFileType = sourcecode.swift; path = DraftboardSegmentedButton.swift; sourceTree = "<group>"; };
		5D4412171BAA163700A86111 /* Closures.swift */ = {isa = PBXFileReference; fileEncoding = 4; lastKnownFileType = sourcecode.swift; path = Closures.swift; sourceTree = "<group>"; };
		5D4B870F1BB305CF00B58EDF /* RootViewController.xib */ = {isa = PBXFileReference; fileEncoding = 4; lastKnownFileType = file.xib; path = RootViewController.xib; sourceTree = "<group>"; };
		5D4B87221BB31AA800B58EDF /* DraftboardTabBar.swift */ = {isa = PBXFileReference; fileEncoding = 4; lastKnownFileType = sourcecode.swift; path = DraftboardTabBar.swift; sourceTree = "<group>"; };
		5D4B87371BB31AC800B58EDF /* UIColor+DraftboardColors.swift */ = {isa = PBXFileReference; fileEncoding = 4; lastKnownFileType = sourcecode.swift; path = "UIColor+DraftboardColors.swift"; sourceTree = "<group>"; };
		5D4B87391BB31B0100B58EDF /* DraftboardImageView.swift */ = {isa = PBXFileReference; fileEncoding = 4; lastKnownFileType = sourcecode.swift; path = DraftboardImageView.swift; sourceTree = "<group>"; };
		5D4B873A1BB31B0100B58EDF /* DraftboardLabel.swift */ = {isa = PBXFileReference; fileEncoding = 4; lastKnownFileType = sourcecode.swift; path = DraftboardLabel.swift; sourceTree = "<group>"; };
		5D4B873B1BB31B0100B58EDF /* DraftboardNibControl.swift */ = {isa = PBXFileReference; fileEncoding = 4; lastKnownFileType = sourcecode.swift; path = DraftboardNibControl.swift; sourceTree = "<group>"; };
		5D4B873C1BB31B0100B58EDF /* DraftboardNibView.swift */ = {isa = PBXFileReference; fileEncoding = 4; lastKnownFileType = sourcecode.swift; path = DraftboardNibView.swift; sourceTree = "<group>"; };
		5D4B873D1BB31B0100B58EDF /* DraftboardView.swift */ = {isa = PBXFileReference; fileEncoding = 4; lastKnownFileType = sourcecode.swift; path = DraftboardView.swift; sourceTree = "<group>"; };
		5D4B87431BB3388E00B58EDF /* DraftboardTitlebar.swift */ = {isa = PBXFileReference; fileEncoding = 4; lastKnownFileType = sourcecode.swift; path = DraftboardTitlebar.swift; sourceTree = "<group>"; };
		5D4B87451BB338BB00B58EDF /* DraftboardTitlebar.xib */ = {isa = PBXFileReference; fileEncoding = 4; lastKnownFileType = file.xib; path = DraftboardTitlebar.xib; sourceTree = "<group>"; };
		5D4E63341BAB75010033C4C2 /* OpenSans-Bold.ttf */ = {isa = PBXFileReference; lastKnownFileType = file; path = "OpenSans-Bold.ttf"; sourceTree = "<group>"; };
		5D4E63351BAB75010033C4C2 /* OpenSans-BoldItalic.ttf */ = {isa = PBXFileReference; lastKnownFileType = file; path = "OpenSans-BoldItalic.ttf"; sourceTree = "<group>"; };
		5D4E63361BAB75010033C4C2 /* OpenSans-ExtraBold.ttf */ = {isa = PBXFileReference; lastKnownFileType = file; path = "OpenSans-ExtraBold.ttf"; sourceTree = "<group>"; };
		5D4E63371BAB75010033C4C2 /* OpenSans-ExtraBoldItalic.ttf */ = {isa = PBXFileReference; lastKnownFileType = file; path = "OpenSans-ExtraBoldItalic.ttf"; sourceTree = "<group>"; };
		5D4E63381BAB75010033C4C2 /* OpenSans-Italic.ttf */ = {isa = PBXFileReference; lastKnownFileType = file; path = "OpenSans-Italic.ttf"; sourceTree = "<group>"; };
		5D4E63391BAB75010033C4C2 /* OpenSans-Light.ttf */ = {isa = PBXFileReference; lastKnownFileType = file; path = "OpenSans-Light.ttf"; sourceTree = "<group>"; };
		5D4E633A1BAB75010033C4C2 /* OpenSans-LightItalic.ttf */ = {isa = PBXFileReference; lastKnownFileType = file; path = "OpenSans-LightItalic.ttf"; sourceTree = "<group>"; };
		5D4E633B1BAB75010033C4C2 /* OpenSans-Regular.ttf */ = {isa = PBXFileReference; lastKnownFileType = file; path = "OpenSans-Regular.ttf"; sourceTree = "<group>"; };
		5D4E633C1BAB75010033C4C2 /* OpenSans-Semibold.ttf */ = {isa = PBXFileReference; lastKnownFileType = file; path = "OpenSans-Semibold.ttf"; sourceTree = "<group>"; };
		5D4E633D1BAB75010033C4C2 /* OpenSans-SemiboldItalic.ttf */ = {isa = PBXFileReference; lastKnownFileType = file; path = "OpenSans-SemiboldItalic.ttf"; sourceTree = "<group>"; };
		5D4E633E1BAB750F0033C4C2 /* Oswald-Bold.ttf */ = {isa = PBXFileReference; lastKnownFileType = file; path = "Oswald-Bold.ttf"; sourceTree = "<group>"; };
		5D4E633F1BAB750F0033C4C2 /* Oswald-Light.ttf */ = {isa = PBXFileReference; lastKnownFileType = file; path = "Oswald-Light.ttf"; sourceTree = "<group>"; };
		5D4E63401BAB750F0033C4C2 /* Oswald-Regular.ttf */ = {isa = PBXFileReference; lastKnownFileType = file; path = "Oswald-Regular.ttf"; sourceTree = "<group>"; };
		5D62379D1BB61E000007E62A /* ContestModel.swift */ = {isa = PBXFileReference; fileEncoding = 4; lastKnownFileType = sourcecode.swift; path = ContestModel.swift; sourceTree = "<group>"; };
		5D62379E1BB61E000007E62A /* ContestsHeaderCell.swift */ = {isa = PBXFileReference; fileEncoding = 4; lastKnownFileType = sourcecode.swift; path = ContestsHeaderCell.swift; sourceTree = "<group>"; };
		5D62379F1BB61E000007E62A /* ContestsHeaderCell.xib */ = {isa = PBXFileReference; fileEncoding = 4; lastKnownFileType = file.xib; path = ContestsHeaderCell.xib; sourceTree = "<group>"; };
		5D6237A01BB61E000007E62A /* ContestsListController.swift */ = {isa = PBXFileReference; fileEncoding = 4; lastKnownFileType = sourcecode.swift; path = ContestsListController.swift; sourceTree = "<group>"; };
		5D6237A11BB61E000007E62A /* ContestsListController.xib */ = {isa = PBXFileReference; fileEncoding = 4; lastKnownFileType = file.xib; path = ContestsListController.xib; sourceTree = "<group>"; };
		5D6237A21BB61E000007E62A /* DraftboardContestsCell.swift */ = {isa = PBXFileReference; fileEncoding = 4; lastKnownFileType = sourcecode.swift; path = DraftboardContestsCell.swift; sourceTree = "<group>"; };
		5D6237A31BB61E000007E62A /* DraftboardContestsCell.xib */ = {isa = PBXFileReference; fileEncoding = 4; lastKnownFileType = file.xib; path = DraftboardContestsCell.xib; sourceTree = "<group>"; };
		5D6237AB1BB61E060007E62A /* ContestsNavigationController.swift */ = {isa = PBXFileReference; fileEncoding = 4; lastKnownFileType = sourcecode.swift; path = ContestsNavigationController.swift; sourceTree = "<group>"; };
		5D6237AC1BB61E060007E62A /* ContestsViewController.swift */ = {isa = PBXFileReference; fileEncoding = 4; lastKnownFileType = sourcecode.swift; path = ContestsViewController.swift; sourceTree = "<group>"; };
		5D6237B01BB61F7B0007E62A /* LineupCardView.swift */ = {isa = PBXFileReference; fileEncoding = 4; lastKnownFileType = sourcecode.swift; path = LineupCardView.swift; sourceTree = "<group>"; };
		5D6237B11BB61F7B0007E62A /* LineupCardView.xib */ = {isa = PBXFileReference; fileEncoding = 4; lastKnownFileType = file.xib; path = LineupCardView.xib; sourceTree = "<group>"; };
		5D6237B21BB61F7B0007E62A /* LineupCellView.swift */ = {isa = PBXFileReference; fileEncoding = 4; lastKnownFileType = sourcecode.swift; path = LineupCellView.swift; sourceTree = "<group>"; };
		5D6237B31BB61F7B0007E62A /* LineupCellView.xib */ = {isa = PBXFileReference; fileEncoding = 4; lastKnownFileType = file.xib; path = LineupCellView.xib; sourceTree = "<group>"; };
		5D6237B41BB61F7B0007E62A /* LineupEmptyCellView.swift */ = {isa = PBXFileReference; fileEncoding = 4; lastKnownFileType = sourcecode.swift; path = LineupEmptyCellView.swift; sourceTree = "<group>"; };
		5D6237B51BB61F7B0007E62A /* LineupEmptyCellView.xib */ = {isa = PBXFileReference; fileEncoding = 4; lastKnownFileType = file.xib; path = LineupEmptyCellView.xib; sourceTree = "<group>"; };
		5D6237B61BB61F7B0007E62A /* LineupListController.xib */ = {isa = PBXFileReference; fileEncoding = 4; lastKnownFileType = file.xib; path = LineupListController.xib; sourceTree = "<group>"; };
		5D6237B71BB61F7B0007E62A /* LineupModel.swift */ = {isa = PBXFileReference; fileEncoding = 4; lastKnownFileType = sourcecode.swift; path = LineupModel.swift; sourceTree = "<group>"; };
		5D6237B81BB61F7B0007E62A /* LineupNewViewController.swift */ = {isa = PBXFileReference; fileEncoding = 4; lastKnownFileType = sourcecode.swift; path = LineupNewViewController.swift; sourceTree = "<group>"; };
		5D6237B91BB61F7B0007E62A /* LineupNewViewController.xib */ = {isa = PBXFileReference; fileEncoding = 4; lastKnownFileType = file.xib; path = LineupNewViewController.xib; sourceTree = "<group>"; };
		5D6237BA1BB61F7B0007E62A /* LineupsDetailController.swift */ = {isa = PBXFileReference; fileEncoding = 4; lastKnownFileType = sourcecode.swift; path = LineupsDetailController.swift; sourceTree = "<group>"; };
		5D6237BB1BB61F7B0007E62A /* LineupListController.swift */ = {isa = PBXFileReference; fileEncoding = 4; lastKnownFileType = sourcecode.swift; path = LineupListController.swift; sourceTree = "<group>"; };
		5D6237BC1BB61F7B0007E62A /* LineupsNavigationController.swift */ = {isa = PBXFileReference; fileEncoding = 4; lastKnownFileType = sourcecode.swift; path = LineupsNavigationController.swift; sourceTree = "<group>"; };
		5D901CE71BBB41F200E85374 /* DraftboardTabBarButton.swift */ = {isa = PBXFileReference; fileEncoding = 4; lastKnownFileType = sourcecode.swift; path = DraftboardTabBarButton.swift; sourceTree = "<group>"; };
		5D901CE91BBB5E7800E85374 /* UIFont+DraftboardFonts.swift */ = {isa = PBXFileReference; fileEncoding = 4; lastKnownFileType = sourcecode.swift; path = "UIFont+DraftboardFonts.swift"; sourceTree = "<group>"; };
		5D9C2FCC1BAC685E0076355D /* basketball-lineup.jpg */ = {isa = PBXFileReference; lastKnownFileType = image.jpeg; path = "basketball-lineup.jpg"; sourceTree = "<group>"; };
		5D9C2FD01BAC69BF0076355D /* court-floor.jpg */ = {isa = PBXFileReference; lastKnownFileType = image.jpeg; path = "court-floor.jpg"; sourceTree = "<group>"; };
		5D9D686F1BB5B59E00855501 /* DraftboardButton.swift */ = {isa = PBXFileReference; fileEncoding = 4; lastKnownFileType = sourcecode.swift; path = DraftboardButton.swift; sourceTree = "<group>"; };
		5D9D68731BB5B59E00855501 /* DraftboardRoundButton.swift */ = {isa = PBXFileReference; fileEncoding = 4; lastKnownFileType = sourcecode.swift; path = DraftboardRoundButton.swift; sourceTree = "<group>"; };
		5D9E99511BB606100017E332 /* DraftboardModalViewController.swift */ = {isa = PBXFileReference; fileEncoding = 4; lastKnownFileType = sourcecode.swift; path = DraftboardModalViewController.swift; sourceTree = "<group>"; };
		5D9E99531BB615590017E332 /* DraftboardViewController.swift */ = {isa = PBXFileReference; fileEncoding = 4; lastKnownFileType = sourcecode.swift; path = DraftboardViewController.swift; sourceTree = "<group>"; };
		5DDF131E1BBAF86F007D8001 /* DraftboardTitlebarButton.swift */ = {isa = PBXFileReference; fileEncoding = 4; lastKnownFileType = sourcecode.swift; path = DraftboardTitlebarButton.swift; sourceTree = "<group>"; };
		5DF14B3D1BB21A4200C3F07C /* RootViewController.swift */ = {isa = PBXFileReference; fileEncoding = 4; lastKnownFileType = sourcecode.swift; path = RootViewController.swift; sourceTree = "<group>"; };
		9349317C1BB33969005738D4 /* DraftboardFilterButton.swift */ = {isa = PBXFileReference; fileEncoding = 4; lastKnownFileType = sourcecode.swift; path = DraftboardFilterButton.swift; sourceTree = "<group>"; };
		9349317D1BB33969005738D4 /* DraftboardFilterButton.xib */ = {isa = PBXFileReference; fileEncoding = 4; lastKnownFileType = file.xib; path = DraftboardFilterButton.xib; sourceTree = "<group>"; };
		934B5EDF1BB5B42C00502FC6 /* DraftboardEnums.swift */ = {isa = PBXFileReference; fileEncoding = 4; lastKnownFileType = sourcecode.swift; name = DraftboardEnums.swift; path = Models/DraftboardEnums.swift; sourceTree = "<group>"; };
		935EC2211BB5C92200FD1F18 /* MoneyBar.swift */ = {isa = PBXFileReference; fileEncoding = 4; lastKnownFileType = sourcecode.swift; name = MoneyBar.swift; path = UI/MoneyBar.swift; sourceTree = "<group>"; };
		935EC2231BB5E4B400FD1F18 /* LineupMoneyPoint.swift */ = {isa = PBXFileReference; fileEncoding = 4; lastKnownFileType = sourcecode.swift; name = LineupMoneyPoint.swift; path = Contests/LineupMoneyPoint.swift; sourceTree = "<group>"; };
		935EC2291BB6178D00FD1F18 /* PieChart.swift */ = {isa = PBXFileReference; fileEncoding = 4; lastKnownFileType = sourcecode.swift; name = PieChart.swift; path = Contests/PieChart.swift; sourceTree = "<group>"; };
/* End PBXFileReference section */

/* Begin PBXFrameworksBuildPhase section */
		3E7860B81B9FB0E7004013AB /* Frameworks */ = {
			isa = PBXFrameworksBuildPhase;
			buildActionMask = 2147483647;
			files = (
			);
			runOnlyForDeploymentPostprocessing = 0;
		};
/* End PBXFrameworksBuildPhase section */

/* Begin PBXGroup section */
		3E7860B21B9FB0E7004013AB = {
			isa = PBXGroup;
			children = (
				3E7860BD1B9FB0E7004013AB /* Draftboard */,
				3E7860BC1B9FB0E7004013AB /* Products */,
				3E80C25C1BC5F5010031CE3F /* Third Party */,
			);
			sourceTree = "<group>";
		};
		3E7860BC1B9FB0E7004013AB /* Products */ = {
			isa = PBXGroup;
			children = (
				3E7860BB1B9FB0E7004013AB /* Draftboard.app */,
			);
			name = Products;
			sourceTree = "<group>";
		};
		3E7860BD1B9FB0E7004013AB /* Draftboard */ = {
			isa = PBXGroup;
			children = (
				5D26FC6C1BBEE02D00ACF127 /* Account */,
				934B5EDE1BB5B3FF00502FC6 /* Models */,
				3E7860E01B9FB195004013AB /* AppDelegate.swift */,
				3E80C2A91BC5F51C0031CE3F /* BridgingHeader.h */,
				5D4412171BAA163700A86111 /* Closures.swift */,
				9327371E1BAC9CFB00198AA9 /* Contests */,
				5D4E63331BAB74AD0033C4C2 /* Fonts */,
				3E7860C71B9FB0E7004013AB /* Images.xcassets */,
				3E7860C91B9FB0E7004013AB /* LaunchScreen.xib */,
				3EA8B5AA1BA7ABC1002EEC32 /* LayoutRancor.swift */,
				5DC589411BA1DBDB00B9D134 /* Lineup */,
				5D9C2FCB1BAC681D0076355D /* Photos */,
				3E7860E41B9FB1CF004013AB /* ResultsViewController.swift */,
				5DF14B3D1BB21A4200C3F07C /* RootViewController.swift */,
				5D4B870F1BB305CF00B58EDF /* RootViewController.xib */,
				3E7860BE1B9FB0E7004013AB /* Supporting Files */,
				3E7860E21B9FB1B4004013AB /* TabController.swift */,
				5DEFAE001BA9C43100A9AFC1 /* UI */,
			);
			path = Draftboard;
			sourceTree = "<group>";
		};
		3E7860BE1B9FB0E7004013AB /* Supporting Files */ = {
			isa = PBXGroup;
			children = (
				3E7860BF1B9FB0E7004013AB /* Info.plist */,
			);
			name = "Supporting Files";
			sourceTree = "<group>";
		};
		3E80C25C1BC5F5010031CE3F /* Third Party */ = {
			isa = PBXGroup;
			children = (
				3E80C25D1BC5F5010031CE3F /* pop */,
			);
			path = "Third Party";
			sourceTree = "<group>";
		};
		3E80C25D1BC5F5010031CE3F /* pop */ = {
			isa = PBXGroup;
			children = (
				3E80C25E1BC5F5010031CE3F /* module.modulemap */,
				3E80C25F1BC5F5010031CE3F /* pop-ios-Info.plist */,
				3E80C2601BC5F5010031CE3F /* pop-osx-Info.plist */,
				3E80C2611BC5F5010031CE3F /* POP.h */,
				3E80C2621BC5F5010031CE3F /* POPAction.h */,
				3E80C2631BC5F5010031CE3F /* POPAnimatableProperty.h */,
				3E80C2641BC5F5010031CE3F /* POPAnimatableProperty.mm */,
				3E80C2651BC5F5010031CE3F /* POPAnimation.h */,
				3E80C2661BC5F5010031CE3F /* POPAnimation.mm */,
				3E80C2671BC5F5010031CE3F /* POPAnimationEvent.h */,
				3E80C2681BC5F5010031CE3F /* POPAnimationEvent.mm */,
				3E80C2691BC5F5010031CE3F /* POPAnimationEventInternal.h */,
				3E80C26A1BC5F5010031CE3F /* POPAnimationExtras.h */,
				3E80C26B1BC5F5010031CE3F /* POPAnimationExtras.mm */,
				3E80C26C1BC5F5010031CE3F /* POPAnimationInternal.h */,
				3E80C26D1BC5F5010031CE3F /* POPAnimationPrivate.h */,
				3E80C26E1BC5F5010031CE3F /* POPAnimationRuntime.h */,
				3E80C26F1BC5F5010031CE3F /* POPAnimationRuntime.mm */,
				3E80C2701BC5F5010031CE3F /* POPAnimationTracer.h */,
				3E80C2711BC5F5010031CE3F /* POPAnimationTracer.mm */,
				3E80C2721BC5F5010031CE3F /* POPAnimationTracerInternal.h */,
				3E80C2731BC5F5010031CE3F /* POPAnimator.h */,
				3E80C2741BC5F5010031CE3F /* POPAnimator.mm */,
				3E80C2751BC5F5010031CE3F /* POPAnimatorPrivate.h */,
				3E80C2761BC5F5010031CE3F /* POPBasicAnimation.h */,
				3E80C2771BC5F5010031CE3F /* POPBasicAnimation.mm */,
				3E80C2781BC5F5010031CE3F /* POPBasicAnimationInternal.h */,
				3E80C2791BC5F5010031CE3F /* POPCGUtils.h */,
				3E80C27A1BC5F5010031CE3F /* POPCGUtils.mm */,
				3E80C27B1BC5F5010031CE3F /* POPCustomAnimation.h */,
				3E80C27C1BC5F5010031CE3F /* POPCustomAnimation.mm */,
				3E80C27D1BC5F5010031CE3F /* POPDecayAnimation.h */,
				3E80C27E1BC5F5010031CE3F /* POPDecayAnimation.mm */,
				3E80C27F1BC5F5010031CE3F /* POPDecayAnimationInternal.h */,
				3E80C2801BC5F5010031CE3F /* POPDefines.h */,
				3E80C2811BC5F5010031CE3F /* POPGeometry.h */,
				3E80C2821BC5F5010031CE3F /* POPGeometry.mm */,
				3E80C2831BC5F5010031CE3F /* POPLayerExtras.h */,
				3E80C2841BC5F5010031CE3F /* POPLayerExtras.mm */,
				3E80C2851BC5F5010031CE3F /* POPMath.h */,
				3E80C2861BC5F5010031CE3F /* POPMath.mm */,
				3E80C2871BC5F5010031CE3F /* POPPropertyAnimation.h */,
				3E80C2881BC5F5010031CE3F /* POPPropertyAnimation.mm */,
				3E80C2891BC5F5010031CE3F /* POPPropertyAnimationInternal.h */,
				3E80C28A1BC5F5010031CE3F /* POPSpringAnimation.h */,
				3E80C28B1BC5F5010031CE3F /* POPSpringAnimation.mm */,
				3E80C28C1BC5F5010031CE3F /* POPSpringAnimationInternal.h */,
				3E80C28D1BC5F5010031CE3F /* POPSpringSolver.h */,
				3E80C28E1BC5F5010031CE3F /* POPVector.h */,
				3E80C28F1BC5F5010031CE3F /* POPVector.mm */,
				3E80C2901BC5F5010031CE3F /* WebCore */,
			);
			path = pop;
			sourceTree = "<group>";
		};
		3E80C2901BC5F5010031CE3F /* WebCore */ = {
			isa = PBXGroup;
			children = (
				3E80C2911BC5F5010031CE3F /* FloatConversion.h */,
				3E80C2921BC5F5010031CE3F /* TransformationMatrix.cpp */,
				3E80C2931BC5F5010031CE3F /* TransformationMatrix.h */,
				3E80C2941BC5F5010031CE3F /* UnitBezier.h */,
			);
			path = WebCore;
			sourceTree = "<group>";
		};
		5D26FC6C1BBEE02D00ACF127 /* Account */ = {
			isa = PBXGroup;
			children = (
				5D26FC731BBEE78700ACF127 /* AccountViewController.swift */,
				5D26FC711BBEE77300ACF127 /* AccountViewController.xib */,
				5D26FC6D1BBEE0A600ACF127 /* LabeledField.swift */,
				5D26FC6F1BBEE0BD00ACF127 /* LabeledField.xib */,
			);
			name = Account;
			path = Accounts;
			sourceTree = "<group>";
		};
		5D4B871C1BB31A3800B58EDF /* Color */ = {
			isa = PBXGroup;
			children = (
				5D901CE91BBB5E7800E85374 /* UIFont+DraftboardFonts.swift */,
				5D4B87371BB31AC800B58EDF /* UIColor+DraftboardColors.swift */,
			);
			name = Color;
			sourceTree = "<group>";
		};
		5D4B871D1BB31A5F00B58EDF /* Component */ = {
			isa = PBXGroup;
			children = (
				5D9D686E1BB5B52200855501 /* Button */,
				5D4B87221BB31AA800B58EDF /* DraftboardTabBar.swift */,
				5D4B87431BB3388E00B58EDF /* DraftboardTitlebar.swift */,
				5D4B87451BB338BB00B58EDF /* DraftboardTitlebar.xib */,
			);
			path = Component;
			sourceTree = "<group>";
		};
		5D4E63331BAB74AD0033C4C2 /* Fonts */ = {
			isa = PBXGroup;
			children = (
				5D4E63341BAB75010033C4C2 /* OpenSans-Bold.ttf */,
				5D4E63351BAB75010033C4C2 /* OpenSans-BoldItalic.ttf */,
				5D4E63361BAB75010033C4C2 /* OpenSans-ExtraBold.ttf */,
				5D4E63371BAB75010033C4C2 /* OpenSans-ExtraBoldItalic.ttf */,
				5D4E63381BAB75010033C4C2 /* OpenSans-Italic.ttf */,
				5D4E63391BAB75010033C4C2 /* OpenSans-Light.ttf */,
				5D4E633A1BAB75010033C4C2 /* OpenSans-LightItalic.ttf */,
				5D4E633B1BAB75010033C4C2 /* OpenSans-Regular.ttf */,
				5D4E633C1BAB75010033C4C2 /* OpenSans-Semibold.ttf */,
				5D4E633D1BAB75010033C4C2 /* OpenSans-SemiboldItalic.ttf */,
				5D4E633E1BAB750F0033C4C2 /* Oswald-Bold.ttf */,
				5D4E633F1BAB750F0033C4C2 /* Oswald-Light.ttf */,
				5D4E63401BAB750F0033C4C2 /* Oswald-Regular.ttf */,
			);
			path = Fonts;
			sourceTree = "<group>";
		};
		5D9C2FCB1BAC681D0076355D /* Photos */ = {
			isa = PBXGroup;
			children = (
				5D0F7EAF1BC86B4E00FBEE0A /* card-bg.png */,
				5D9C2FCC1BAC685E0076355D /* basketball-lineup.jpg */,
				5D9C2FD01BAC69BF0076355D /* court-floor.jpg */,
			);
			path = Photos;
			sourceTree = "<group>";
		};
		5D9D686E1BB5B52200855501 /* Button */ = {
			isa = PBXGroup;
			children = (
				5D9D686F1BB5B59E00855501 /* DraftboardButton.swift */,
				5D9D68731BB5B59E00855501 /* DraftboardRoundButton.swift */,
				5D901CE71BBB41F200E85374 /* DraftboardTabBarButton.swift */,
				5DDF131E1BBAF86F007D8001 /* DraftboardTitlebarButton.swift */,
				5D26FC7D1BBF2D9D00ACF127 /* DraftboardSegmentedButton.swift */,
				5D0F7EAD1BC8504E00FBEE0A /* DraftboardArrowButton.swift */,
			);
			path = Button;
			sourceTree = "<group>";
		};
		5DC589411BA1DBDB00B9D134 /* Lineup */ = {
			isa = PBXGroup;
			children = (
				5D6237B01BB61F7B0007E62A /* LineupCardView.swift */,
				5D6237B11BB61F7B0007E62A /* LineupCardView.xib */,
				5D6237B21BB61F7B0007E62A /* LineupCellView.swift */,
				5D6237B31BB61F7B0007E62A /* LineupCellView.xib */,
				5D6237B41BB61F7B0007E62A /* LineupEmptyCellView.swift */,
				5D6237B51BB61F7B0007E62A /* LineupEmptyCellView.xib */,
				5D6237BB1BB61F7B0007E62A /* LineupListController.swift */,
				5D6237B61BB61F7B0007E62A /* LineupListController.xib */,
				5D6237B71BB61F7B0007E62A /* LineupModel.swift */,
				5D6237B81BB61F7B0007E62A /* LineupNewViewController.swift */,
				5D6237B91BB61F7B0007E62A /* LineupNewViewController.xib */,
				5D6237BA1BB61F7B0007E62A /* LineupsDetailController.swift */,
				5D6237BC1BB61F7B0007E62A /* LineupsNavigationController.swift */,
			);
			path = Lineup;
			sourceTree = "<group>";
		};
		5DEFAE001BA9C43100A9AFC1 /* UI */ = {
			isa = PBXGroup;
			children = (
				5D4B871C1BB31A3800B58EDF /* Color */,
				5D4B871D1BB31A5F00B58EDF /* Component */,
				9349317C1BB33969005738D4 /* DraftboardFilterButton.swift */,
				9349317D1BB33969005738D4 /* DraftboardFilterButton.xib */,
				5D4B87391BB31B0100B58EDF /* DraftboardImageView.swift */,
				5D4B873A1BB31B0100B58EDF /* DraftboardLabel.swift */,
				5D9E99511BB606100017E332 /* DraftboardModalViewController.swift */,
				5D4B873B1BB31B0100B58EDF /* DraftboardNibControl.swift */,
				5D4B873C1BB31B0100B58EDF /* DraftboardNibView.swift */,
				5D26FC751BBF211600ACF127 /* DraftboardSegmentedView.swift */,
				5D26FC7B1BBF228400ACF127 /* DraftboardSegmentedView.xib */,
				5D4B873D1BB31B0100B58EDF /* DraftboardView.swift */,
				5D9E99531BB615590017E332 /* DraftboardViewController.swift */,
			);
			path = UI;
			sourceTree = "<group>";
		};
		9327371E1BAC9CFB00198AA9 /* Contests */ = {
			isa = PBXGroup;
			children = (
				935EC2211BB5C92200FD1F18 /* MoneyBar.swift */,
				935EC2231BB5E4B400FD1F18 /* LineupMoneyPoint.swift */,
				935EC2291BB6178D00FD1F18 /* PieChart.swift */,
				5D62379D1BB61E000007E62A /* ContestModel.swift */,
				5D62379E1BB61E000007E62A /* ContestsHeaderCell.swift */,
				5D62379F1BB61E000007E62A /* ContestsHeaderCell.xib */,
				5D6237A01BB61E000007E62A /* ContestsListController.swift */,
				5D6237A11BB61E000007E62A /* ContestsListController.xib */,
				5D6237AB1BB61E060007E62A /* ContestsNavigationController.swift */,
				5D6237AC1BB61E060007E62A /* ContestsViewController.swift */,
				5D6237A21BB61E000007E62A /* DraftboardContestsCell.swift */,
				5D6237A31BB61E000007E62A /* DraftboardContestsCell.xib */,
			);
			name = Contests;
			sourceTree = "<group>";
		};
		934B5EDE1BB5B3FF00502FC6 /* Models */ = {
			isa = PBXGroup;
			children = (
				934B5EDF1BB5B42C00502FC6 /* DraftboardEnums.swift */,
			);
			name = Models;
			sourceTree = "<group>";
		};
/* End PBXGroup section */

/* Begin PBXNativeTarget section */
		3E7860BA1B9FB0E7004013AB /* Draftboard */ = {
			isa = PBXNativeTarget;
			buildConfigurationList = 3E7860DA1B9FB0E7004013AB /* Build configuration list for PBXNativeTarget "Draftboard" */;
			buildPhases = (
				3E7860B71B9FB0E7004013AB /* Sources */,
				3E7860B81B9FB0E7004013AB /* Frameworks */,
				3E7860B91B9FB0E7004013AB /* Resources */,
				5DC589471BA2106700B9D134 /* Embed Frameworks */,
			);
			buildRules = (
			);
			dependencies = (
			);
			name = Draftboard;
			productName = Draftboard;
			productReference = 3E7860BB1B9FB0E7004013AB /* Draftboard.app */;
			productType = "com.apple.product-type.application";
		};
/* End PBXNativeTarget section */

/* Begin PBXProject section */
		3E7860B31B9FB0E7004013AB /* Project object */ = {
			isa = PBXProject;
			attributes = {
				LastSwiftUpdateCheck = 0710;
				LastUpgradeCheck = 0710;
				ORGANIZATIONNAME = "Rally Interactive";
				TargetAttributes = {
					3E7860BA1B9FB0E7004013AB = {
						CreatedOnToolsVersion = 6.4;
						DevelopmentTeam = 7S97C3YSZ2;
					};
				};
			};
			buildConfigurationList = 3E7860B61B9FB0E7004013AB /* Build configuration list for PBXProject "Draftboard" */;
			compatibilityVersion = "Xcode 3.2";
			developmentRegion = English;
			hasScannedForEncodings = 0;
			knownRegions = (
				en,
				Base,
			);
			mainGroup = 3E7860B21B9FB0E7004013AB;
			productRefGroup = 3E7860BC1B9FB0E7004013AB /* Products */;
			projectDirPath = "";
			projectRoot = "";
			targets = (
				3E7860BA1B9FB0E7004013AB /* Draftboard */,
			);
		};
/* End PBXProject section */

/* Begin PBXResourcesBuildPhase section */
		3E7860B91B9FB0E7004013AB /* Resources */ = {
			isa = PBXResourcesBuildPhase;
			buildActionMask = 2147483647;
			files = (
				5D9C2FCD1BAC685E0076355D /* basketball-lineup.jpg in Resources */,
				5D9C2FD11BAC69BF0076355D /* court-floor.jpg in Resources */,
				3E7860CB1B9FB0E7004013AB /* LaunchScreen.xib in Resources */,
				3E7860C81B9FB0E7004013AB /* Images.xcassets in Resources */,
				5D4B87101BB305CF00B58EDF /* RootViewController.xib in Resources */,
				5D6237C01BB61F7B0007E62A /* LineupCellView.xib in Resources */,
				5D4E63411BAB75D80033C4C2 /* Oswald-Bold.ttf in Resources */,
				5D4E63421BAB75D80033C4C2 /* Oswald-Light.ttf in Resources */,
				5D4E63431BAB75D80033C4C2 /* Oswald-Regular.ttf in Resources */,
				5D6237C21BB61F7B0007E62A /* LineupEmptyCellView.xib in Resources */,
				5D4E63441BAB75D80033C4C2 /* OpenSans-Bold.ttf in Resources */,
				9349317F1BB33969005738D4 /* DraftboardFilterButton.xib in Resources */,
				3E80C2961BC5F5010031CE3F /* pop-osx-Info.plist in Resources */,
				5D6237AA1BB61E000007E62A /* DraftboardContestsCell.xib in Resources */,
				5D4E63451BAB75D80033C4C2 /* OpenSans-BoldItalic.ttf in Resources */,
				5D4E63461BAB75D80033C4C2 /* OpenSans-ExtraBold.ttf in Resources */,
				5D4E63471BAB75D80033C4C2 /* OpenSans-ExtraBoldItalic.ttf in Resources */,
				5D4E63481BAB75D80033C4C2 /* OpenSans-Italic.ttf in Resources */,
				5D4E63491BAB75D80033C4C2 /* OpenSans-Light.ttf in Resources */,
				5D4B87461BB338BB00B58EDF /* DraftboardTitlebar.xib in Resources */,
				5D26FC701BBEE0BD00ACF127 /* LabeledField.xib in Resources */,
				5D26FC721BBEE77300ACF127 /* AccountViewController.xib in Resources */,
				5D4E634A1BAB75D80033C4C2 /* OpenSans-LightItalic.ttf in Resources */,
				5D4E634B1BAB75D80033C4C2 /* OpenSans-Regular.ttf in Resources */,
				5D6237C31BB61F7B0007E62A /* LineupListController.xib in Resources */,
				5D6237A81BB61E000007E62A /* ContestsListController.xib in Resources */,
				5D4E634C1BAB75D80033C4C2 /* OpenSans-Semibold.ttf in Resources */,
				3E80C2951BC5F5010031CE3F /* pop-ios-Info.plist in Resources */,
				5D26FC7C1BBF228400ACF127 /* DraftboardSegmentedView.xib in Resources */,
				5D6237BE1BB61F7B0007E62A /* LineupCardView.xib in Resources */,
				5D0F7EB01BC86B4E00FBEE0A /* card-bg.png in Resources */,
				5D4E634D1BAB75D80033C4C2 /* OpenSans-SemiboldItalic.ttf in Resources */,
				5D6237C61BB61F7B0007E62A /* LineupNewViewController.xib in Resources */,
				5D6237A61BB61E000007E62A /* ContestsHeaderCell.xib in Resources */,
			);
			runOnlyForDeploymentPostprocessing = 0;
		};
/* End PBXResourcesBuildPhase section */

/* Begin PBXSourcesBuildPhase section */
		3E7860B71B9FB0E7004013AB /* Sources */ = {
			isa = PBXSourcesBuildPhase;
			buildActionMask = 2147483647;
			files = (
				935EC22A1BB6178D00FD1F18 /* PieChart.swift in Sources */,
				935EC2221BB5C92200FD1F18 /* MoneyBar.swift in Sources */,
				935EC2241BB5E4B400FD1F18 /* LineupMoneyPoint.swift in Sources */,
				3E80C29A1BC5F5010031CE3F /* POPAnimationExtras.mm in Sources */,
				934B5EE01BB5B42C00502FC6 /* DraftboardEnums.swift in Sources */,
				5D6237E21BB620320007E62A /* DraftboardButton.swift in Sources */,
				5D6237E31BB620320007E62A /* DraftboardRoundButton.swift in Sources */,
				3E80C29C1BC5F5010031CE3F /* POPAnimationTracer.mm in Sources */,
				5D26FC741BBEE78700ACF127 /* AccountViewController.swift in Sources */,
				5D6237DA1BB6200B0007E62A /* DraftboardFilterButton.swift in Sources */,
				5D6237DB1BB6200B0007E62A /* DraftboardImageView.swift in Sources */,
				3E80C2A61BC5F5010031CE3F /* POPSpringAnimation.mm in Sources */,
				5D6237DC1BB6200B0007E62A /* DraftboardLabel.swift in Sources */,
				5D6237DD1BB6200B0007E62A /* DraftboardModalViewController.swift in Sources */,
				3E80C29E1BC5F5010031CE3F /* POPBasicAnimation.mm in Sources */,
				5D6237DE1BB6200B0007E62A /* DraftboardNibControl.swift in Sources */,
				5D6237DF1BB6200B0007E62A /* DraftboardNibView.swift in Sources */,
				3E80C2A31BC5F5010031CE3F /* POPLayerExtras.mm in Sources */,
				3E80C2A71BC5F5010031CE3F /* POPVector.mm in Sources */,
				5D6237E01BB6200B0007E62A /* DraftboardView.swift in Sources */,
				3E80C2A21BC5F5010031CE3F /* POPGeometry.mm in Sources */,
				3E80C2A51BC5F5010031CE3F /* POPPropertyAnimation.mm in Sources */,
				5D6237E11BB6200B0007E62A /* DraftboardViewController.swift in Sources */,
				5D6237D71BB61FFB0007E62A /* UIColor+DraftboardColors.swift in Sources */,
				3E80C2981BC5F5010031CE3F /* POPAnimation.mm in Sources */,
				3E80C2A11BC5F5010031CE3F /* POPDecayAnimation.mm in Sources */,
				5D6237D81BB61FFB0007E62A /* DraftboardTabBar.swift in Sources */,
				5D26FC761BBF211600ACF127 /* DraftboardSegmentedView.swift in Sources */,
				5D6237D91BB61FFB0007E62A /* DraftboardTitlebar.swift in Sources */,
				5D6237D61BB61FE70007E62A /* TabController.swift in Sources */,
				5D26FC6E1BBEE0A600ACF127 /* LabeledField.swift in Sources */,
				5D6237D41BB61FD60007E62A /* ResultsViewController.swift in Sources */,
				5D0F7EAE1BC8504E00FBEE0A /* DraftboardArrowButton.swift in Sources */,
				3E80C29F1BC5F5010031CE3F /* POPCGUtils.mm in Sources */,
				5D6237D51BB61FD60007E62A /* RootViewController.swift in Sources */,
				5D6237BD1BB61F7B0007E62A /* LineupCardView.swift in Sources */,
				5DDF131F1BBAF86F007D8001 /* DraftboardTitlebarButton.swift in Sources */,
				5D6237BF1BB61F7B0007E62A /* LineupCellView.swift in Sources */,
				5D6237C11BB61F7B0007E62A /* LineupEmptyCellView.swift in Sources */,
				5D26FC7E1BBF2D9D00ACF127 /* DraftboardSegmentedButton.swift in Sources */,
				5D6237C41BB61F7B0007E62A /* LineupModel.swift in Sources */,
				3E80C2971BC5F5010031CE3F /* POPAnimatableProperty.mm in Sources */,
				3E80C2A01BC5F5010031CE3F /* POPCustomAnimation.mm in Sources */,
				5D6237C51BB61F7B0007E62A /* LineupNewViewController.swift in Sources */,
				5D6237C71BB61F7B0007E62A /* LineupsDetailController.swift in Sources */,
				3E80C2991BC5F5010031CE3F /* POPAnimationEvent.mm in Sources */,
				5D6237C81BB61F7B0007E62A /* LineupListController.swift in Sources */,
				3E80C29D1BC5F5010031CE3F /* POPAnimator.mm in Sources */,
				5D6237C91BB61F7B0007E62A /* LineupsNavigationController.swift in Sources */,
				5D6237D31BB61FB20007E62A /* LayoutRancor.swift in Sources */,
				5D6237CD1BB61FA80007E62A /* ContestModel.swift in Sources */,
				5D6237CE1BB61FA80007E62A /* ContestsHeaderCell.swift in Sources */,
				5D901CE81BBB41F200E85374 /* DraftboardTabBarButton.swift in Sources */,
				5D6237CF1BB61FA80007E62A /* ContestsListController.swift in Sources */,
				3E80C2A81BC5F5010031CE3F /* TransformationMatrix.cpp in Sources */,
				5D6237D01BB61FA80007E62A /* ContestsNavigationController.swift in Sources */,
				3E80C29B1BC5F5010031CE3F /* POPAnimationRuntime.mm in Sources */,
				5D6237D11BB61FA80007E62A /* ContestsViewController.swift in Sources */,
				3E80C2A41BC5F5010031CE3F /* POPMath.mm in Sources */,
				5D901CEA1BBB5E7800E85374 /* UIFont+DraftboardFonts.swift in Sources */,
				5D6237D21BB61FA80007E62A /* DraftboardContestsCell.swift in Sources */,
				5D6237CB1BB61F9B0007E62A /* AppDelegate.swift in Sources */,
				5D6237CC1BB61F9B0007E62A /* Closures.swift in Sources */,
			);
			runOnlyForDeploymentPostprocessing = 0;
		};
/* End PBXSourcesBuildPhase section */

/* Begin PBXVariantGroup section */
		3E7860C91B9FB0E7004013AB /* LaunchScreen.xib */ = {
			isa = PBXVariantGroup;
			children = (
				3E7860CA1B9FB0E7004013AB /* Base */,
			);
			name = LaunchScreen.xib;
			sourceTree = "<group>";
		};
/* End PBXVariantGroup section */

/* Begin XCBuildConfiguration section */
		3E7860D81B9FB0E7004013AB /* Debug */ = {
			isa = XCBuildConfiguration;
			buildSettings = {
				ALWAYS_SEARCH_USER_PATHS = NO;
				CLANG_CXX_LANGUAGE_STANDARD = "gnu++0x";
				CLANG_CXX_LIBRARY = "libc++";
				CLANG_ENABLE_MODULES = YES;
				CLANG_ENABLE_OBJC_ARC = YES;
				CLANG_WARN_BOOL_CONVERSION = YES;
				CLANG_WARN_CONSTANT_CONVERSION = YES;
				CLANG_WARN_DIRECT_OBJC_ISA_USAGE = YES_ERROR;
				CLANG_WARN_EMPTY_BODY = YES;
				CLANG_WARN_ENUM_CONVERSION = YES;
				CLANG_WARN_INT_CONVERSION = YES;
				CLANG_WARN_OBJC_ROOT_CLASS = YES_ERROR;
				CLANG_WARN_UNREACHABLE_CODE = YES;
				CLANG_WARN__DUPLICATE_METHOD_MATCH = YES;
				"CODE_SIGN_IDENTITY[sdk=iphoneos*]" = "iPhone Developer";
				COPY_PHASE_STRIP = NO;
				DEBUG_INFORMATION_FORMAT = "dwarf-with-dsym";
				ENABLE_STRICT_OBJC_MSGSEND = YES;
				ENABLE_TESTABILITY = YES;
				GCC_C_LANGUAGE_STANDARD = gnu99;
				GCC_DYNAMIC_NO_PIC = NO;
				GCC_NO_COMMON_BLOCKS = YES;
				GCC_OPTIMIZATION_LEVEL = 0;
				GCC_PREPROCESSOR_DEFINITIONS = (
					"DEBUG=1",
					"$(inherited)",
				);
				GCC_SYMBOLS_PRIVATE_EXTERN = NO;
				GCC_WARN_64_TO_32_BIT_CONVERSION = YES;
				GCC_WARN_ABOUT_RETURN_TYPE = YES_ERROR;
				GCC_WARN_UNDECLARED_SELECTOR = YES;
				GCC_WARN_UNINITIALIZED_AUTOS = YES_AGGRESSIVE;
				GCC_WARN_UNUSED_FUNCTION = YES;
				GCC_WARN_UNUSED_VARIABLE = YES;
				IPHONEOS_DEPLOYMENT_TARGET = 8.4;
				MTL_ENABLE_DEBUG_INFO = YES;
				ONLY_ACTIVE_ARCH = YES;
				SDKROOT = iphoneos;
				SWIFT_OPTIMIZATION_LEVEL = "-Onone";
			};
			name = Debug;
		};
		3E7860D91B9FB0E7004013AB /* Release */ = {
			isa = XCBuildConfiguration;
			buildSettings = {
				ALWAYS_SEARCH_USER_PATHS = NO;
				CLANG_CXX_LANGUAGE_STANDARD = "gnu++0x";
				CLANG_CXX_LIBRARY = "libc++";
				CLANG_ENABLE_MODULES = YES;
				CLANG_ENABLE_OBJC_ARC = YES;
				CLANG_WARN_BOOL_CONVERSION = YES;
				CLANG_WARN_CONSTANT_CONVERSION = YES;
				CLANG_WARN_DIRECT_OBJC_ISA_USAGE = YES_ERROR;
				CLANG_WARN_EMPTY_BODY = YES;
				CLANG_WARN_ENUM_CONVERSION = YES;
				CLANG_WARN_INT_CONVERSION = YES;
				CLANG_WARN_OBJC_ROOT_CLASS = YES_ERROR;
				CLANG_WARN_UNREACHABLE_CODE = YES;
				CLANG_WARN__DUPLICATE_METHOD_MATCH = YES;
				"CODE_SIGN_IDENTITY[sdk=iphoneos*]" = "iPhone Developer";
				COPY_PHASE_STRIP = NO;
				DEBUG_INFORMATION_FORMAT = "dwarf-with-dsym";
				ENABLE_NS_ASSERTIONS = NO;
				ENABLE_STRICT_OBJC_MSGSEND = YES;
				GCC_C_LANGUAGE_STANDARD = gnu99;
				GCC_NO_COMMON_BLOCKS = YES;
				GCC_WARN_64_TO_32_BIT_CONVERSION = YES;
				GCC_WARN_ABOUT_RETURN_TYPE = YES_ERROR;
				GCC_WARN_UNDECLARED_SELECTOR = YES;
				GCC_WARN_UNINITIALIZED_AUTOS = YES_AGGRESSIVE;
				GCC_WARN_UNUSED_FUNCTION = YES;
				GCC_WARN_UNUSED_VARIABLE = YES;
				IPHONEOS_DEPLOYMENT_TARGET = 8.4;
				MTL_ENABLE_DEBUG_INFO = NO;
				SDKROOT = iphoneos;
				VALIDATE_PRODUCT = YES;
			};
			name = Release;
		};
		3E7860DB1B9FB0E7004013AB /* Debug */ = {
			isa = XCBuildConfiguration;
			buildSettings = {
				ASSETCATALOG_COMPILER_APPICON_NAME = AppIcon;
				CLANG_ENABLE_MODULES = YES;
				CODE_SIGN_IDENTITY = "iPhone Developer";
				"CODE_SIGN_IDENTITY[sdk=iphoneos*]" = "iPhone Developer";
				FRAMEWORK_SEARCH_PATHS = "$(inherited)";
				HEADER_SEARCH_PATHS = "$(SRCROOT)/**";
				INFOPLIST_FILE = Draftboard/Info.plist;
				IPHONEOS_DEPLOYMENT_TARGET = 8.0;
				LD_RUNPATH_SEARCH_PATHS = "$(inherited) @executable_path/Frameworks";
				LIBRARY_SEARCH_PATHS = "";
				PRODUCT_BUNDLE_IDENTIFIER = com.rallyinteractive.draftboard;
				PRODUCT_NAME = "$(TARGET_NAME)";
				SWIFT_OBJC_BRIDGING_HEADER = Draftboard/BridgingHeader.h;
				SWIFT_OPTIMIZATION_LEVEL = "-Onone";
			};
			name = Debug;
		};
		3E7860DC1B9FB0E7004013AB /* Release */ = {
			isa = XCBuildConfiguration;
			buildSettings = {
				ASSETCATALOG_COMPILER_APPICON_NAME = AppIcon;
				CLANG_ENABLE_MODULES = YES;
				CODE_SIGN_IDENTITY = "iPhone Developer";
				FRAMEWORK_SEARCH_PATHS = "$(inherited)";
				HEADER_SEARCH_PATHS = "$(SRCROOT)/**";
				INFOPLIST_FILE = Draftboard/Info.plist;
				IPHONEOS_DEPLOYMENT_TARGET = 8.0;
				LD_RUNPATH_SEARCH_PATHS = "$(inherited) @executable_path/Frameworks";
				LIBRARY_SEARCH_PATHS = "";
				PRODUCT_BUNDLE_IDENTIFIER = com.rallyinteractive.draftboard;
				PRODUCT_NAME = "$(TARGET_NAME)";
				SWIFT_OBJC_BRIDGING_HEADER = Draftboard/BridgingHeader.h;
			};
			name = Release;
		};
/* End XCBuildConfiguration section */

/* Begin XCConfigurationList section */
		3E7860B61B9FB0E7004013AB /* Build configuration list for PBXProject "Draftboard" */ = {
			isa = XCConfigurationList;
			buildConfigurations = (
				3E7860D81B9FB0E7004013AB /* Debug */,
				3E7860D91B9FB0E7004013AB /* Release */,
			);
			defaultConfigurationIsVisible = 0;
			defaultConfigurationName = Release;
		};
		3E7860DA1B9FB0E7004013AB /* Build configuration list for PBXNativeTarget "Draftboard" */ = {
			isa = XCConfigurationList;
			buildConfigurations = (
				3E7860DB1B9FB0E7004013AB /* Debug */,
				3E7860DC1B9FB0E7004013AB /* Release */,
			);
			defaultConfigurationIsVisible = 0;
			defaultConfigurationName = Release;
		};
/* End XCConfigurationList section */
	};
	rootObject = 3E7860B31B9FB0E7004013AB /* Project object */;
}
