// !$*UTF8*$!
{
	archiveVersion = 1;
	classes = {
	};
	objectVersion = 46;
	objects = {

/* Begin PBXBuildFile section */
		3E7860C81B9FB0E7004013AB /* Images.xcassets in Resources */ = {isa = PBXBuildFile; fileRef = 3E7860C71B9FB0E7004013AB /* Images.xcassets */; };
		3E7860CB1B9FB0E7004013AB /* LaunchScreen.xib in Resources */ = {isa = PBXBuildFile; fileRef = 3E7860C91B9FB0E7004013AB /* LaunchScreen.xib */; };
		3E7860E11B9FB195004013AB /* AppDelegate.swift in Sources */ = {isa = PBXBuildFile; fileRef = 3E7860E01B9FB195004013AB /* AppDelegate.swift */; };
		3E7860E31B9FB1B4004013AB /* TabController.swift in Sources */ = {isa = PBXBuildFile; fileRef = 3E7860E21B9FB1B4004013AB /* TabController.swift */; };
		3E7860E51B9FB1CF004013AB /* ResultsViewController.swift in Sources */ = {isa = PBXBuildFile; fileRef = 3E7860E41B9FB1CF004013AB /* ResultsViewController.swift */; };
		3E7860E71B9FB1E2004013AB /* LineupsNavigationController.swift in Sources */ = {isa = PBXBuildFile; fileRef = 3E7860E61B9FB1E2004013AB /* LineupsNavigationController.swift */; };
		3E7860EB1B9FB204004013AB /* LineupsDetailController.swift in Sources */ = {isa = PBXBuildFile; fileRef = 3E7860EA1B9FB204004013AB /* LineupsDetailController.swift */; };
		3E7860ED1B9FB216004013AB /* ContestsViewController.swift in Sources */ = {isa = PBXBuildFile; fileRef = 3E7860EC1B9FB216004013AB /* ContestsViewController.swift */; };
		3E7860EF1B9FB225004013AB /* AccountViewController.swift in Sources */ = {isa = PBXBuildFile; fileRef = 3E7860EE1B9FB225004013AB /* AccountViewController.swift */; };
		3EA8B5AB1BA7ABC1002EEC32 /* LayoutRancor.swift in Sources */ = {isa = PBXBuildFile; fileRef = 3EA8B5AA1BA7ABC1002EEC32 /* LayoutRancor.swift */; };
		5D4412181BAA163700A86111 /* Closures.swift in Sources */ = {isa = PBXBuildFile; fileRef = 5D4412171BAA163700A86111 /* Closures.swift */; };
		5D4E63411BAB75D80033C4C2 /* Oswald-Bold.ttf in Resources */ = {isa = PBXBuildFile; fileRef = 5D4E633E1BAB750F0033C4C2 /* Oswald-Bold.ttf */; };
		5D4E63421BAB75D80033C4C2 /* Oswald-Light.ttf in Resources */ = {isa = PBXBuildFile; fileRef = 5D4E633F1BAB750F0033C4C2 /* Oswald-Light.ttf */; };
		5D4E63431BAB75D80033C4C2 /* Oswald-Regular.ttf in Resources */ = {isa = PBXBuildFile; fileRef = 5D4E63401BAB750F0033C4C2 /* Oswald-Regular.ttf */; };
		5D4E63441BAB75D80033C4C2 /* OpenSans-Bold.ttf in Resources */ = {isa = PBXBuildFile; fileRef = 5D4E63341BAB75010033C4C2 /* OpenSans-Bold.ttf */; };
		5D4E63451BAB75D80033C4C2 /* OpenSans-BoldItalic.ttf in Resources */ = {isa = PBXBuildFile; fileRef = 5D4E63351BAB75010033C4C2 /* OpenSans-BoldItalic.ttf */; };
		5D4E63461BAB75D80033C4C2 /* OpenSans-ExtraBold.ttf in Resources */ = {isa = PBXBuildFile; fileRef = 5D4E63361BAB75010033C4C2 /* OpenSans-ExtraBold.ttf */; };
		5D4E63471BAB75D80033C4C2 /* OpenSans-ExtraBoldItalic.ttf in Resources */ = {isa = PBXBuildFile; fileRef = 5D4E63371BAB75010033C4C2 /* OpenSans-ExtraBoldItalic.ttf */; };
		5D4E63481BAB75D80033C4C2 /* OpenSans-Italic.ttf in Resources */ = {isa = PBXBuildFile; fileRef = 5D4E63381BAB75010033C4C2 /* OpenSans-Italic.ttf */; };
		5D4E63491BAB75D80033C4C2 /* OpenSans-Light.ttf in Resources */ = {isa = PBXBuildFile; fileRef = 5D4E63391BAB75010033C4C2 /* OpenSans-Light.ttf */; };
		5D4E634A1BAB75D80033C4C2 /* OpenSans-LightItalic.ttf in Resources */ = {isa = PBXBuildFile; fileRef = 5D4E633A1BAB75010033C4C2 /* OpenSans-LightItalic.ttf */; };
		5D4E634B1BAB75D80033C4C2 /* OpenSans-Regular.ttf in Resources */ = {isa = PBXBuildFile; fileRef = 5D4E633B1BAB75010033C4C2 /* OpenSans-Regular.ttf */; };
		5D4E634C1BAB75D80033C4C2 /* OpenSans-Semibold.ttf in Resources */ = {isa = PBXBuildFile; fileRef = 5D4E633C1BAB75010033C4C2 /* OpenSans-Semibold.ttf */; };
		5D4E634D1BAB75D80033C4C2 /* OpenSans-SemiboldItalic.ttf in Resources */ = {isa = PBXBuildFile; fileRef = 5D4E633D1BAB75010033C4C2 /* OpenSans-SemiboldItalic.ttf */; };
		5D6AAA5C1BA781E700CEACE7 /* LineupCellView.xib in Resources */ = {isa = PBXBuildFile; fileRef = 5D6AAA5B1BA781E700CEACE7 /* LineupCellView.xib */; };
		5D6AAA5E1BA7870A00CEACE7 /* LineupCellView.swift in Sources */ = {isa = PBXBuildFile; fileRef = 5D6AAA5D1BA7870A00CEACE7 /* LineupCellView.swift */; };
		5D6FB0281BAA4C890071A753 /* DraftboardView.swift in Sources */ = {isa = PBXBuildFile; fileRef = 5D6FB0271BAA4C890071A753 /* DraftboardView.swift */; };
		5D6FB02A1BAA4C9A0071A753 /* DraftboardRoundedButton.swift in Sources */ = {isa = PBXBuildFile; fileRef = 5D6FB0291BAA4C9A0071A753 /* DraftboardRoundedButton.swift */; };
		5D6FB0301BAA837D0071A753 /* DraftboardNibView.swift in Sources */ = {isa = PBXBuildFile; fileRef = 5D6FB02F1BAA837D0071A753 /* DraftboardNibView.swift */; };
		5D7AA1991BAB825D0043DE95 /* DraftboardButton.xib in Resources */ = {isa = PBXBuildFile; fileRef = 5D7AA1981BAB825D0043DE95 /* DraftboardButton.xib */; };
		5D7AA19B1BAB82D40043DE95 /* DraftboardButton.swift in Sources */ = {isa = PBXBuildFile; fileRef = 5D7AA19A1BAB82D40043DE95 /* DraftboardButton.swift */; };
		5D81D36F1BA8C0BA003BEEC2 /* LineupCardView.xib in Resources */ = {isa = PBXBuildFile; fileRef = 5D81D36E1BA8C0BA003BEEC2 /* LineupCardView.xib */; };
		5D81D3711BA8D1AD003BEEC2 /* LineupEmptyCellView.xib in Resources */ = {isa = PBXBuildFile; fileRef = 5D81D3701BA8D1AD003BEEC2 /* LineupEmptyCellView.xib */; };
		5D81D3731BA8D1BC003BEEC2 /* LineupEmptyCellView.swift in Sources */ = {isa = PBXBuildFile; fileRef = 5D81D3721BA8D1BC003BEEC2 /* LineupEmptyCellView.swift */; };
		5D81D3751BA8D54F003BEEC2 /* LineupsListController.swift in Sources */ = {isa = PBXBuildFile; fileRef = 5D81D3741BA8D54F003BEEC2 /* LineupsListController.swift */; };
		5D81D3771BA8D56B003BEEC2 /* LineupNewViewController.xib in Resources */ = {isa = PBXBuildFile; fileRef = 5D81D3761BA8D56B003BEEC2 /* LineupNewViewController.xib */; };
		5D96FBE01BAB863F000CBBC4 /* DraftboardRoundedButton.xib in Resources */ = {isa = PBXBuildFile; fileRef = 5D96FBDF1BAB863F000CBBC4 /* DraftboardRoundedButton.xib */; };
		5D96FBE21BAB870C000CBBC4 /* DraftboardIconButton.xib in Resources */ = {isa = PBXBuildFile; fileRef = 5D96FBE11BAB870C000CBBC4 /* DraftboardIconButton.xib */; };
		5D96FBE41BAB8723000CBBC4 /* DraftboardIconButton.swift in Sources */ = {isa = PBXBuildFile; fileRef = 5D96FBE31BAB8723000CBBC4 /* DraftboardIconButton.swift */; };
		5D9C2FCD1BAC685E0076355D /* basketball-lineup.jpg in Resources */ = {isa = PBXBuildFile; fileRef = 5D9C2FCC1BAC685E0076355D /* basketball-lineup.jpg */; };
		5D9C2FCF1BAC68910076355D /* LineupListController.xib in Resources */ = {isa = PBXBuildFile; fileRef = 5D9C2FCE1BAC68910076355D /* LineupListController.xib */; };
		5D9C2FD11BAC69BF0076355D /* court-floor.jpg in Resources */ = {isa = PBXBuildFile; fileRef = 5D9C2FD01BAC69BF0076355D /* court-floor.jpg */; };
		5D9C2FD31BAC83510076355D /* DraftboardImageView.swift in Sources */ = {isa = PBXBuildFile; fileRef = 5D9C2FD21BAC83510076355D /* DraftboardImageView.swift */; };
		5D9C2FD51BAC97570076355D /* UIColor+DraftboardColors.swift in Sources */ = {isa = PBXBuildFile; fileRef = 5D9C2FD41BAC97570076355D /* UIColor+DraftboardColors.swift */; };
		5DC589431BA1DC0E00B9D134 /* LineupCardView.swift in Sources */ = {isa = PBXBuildFile; fileRef = 5DC589421BA1DC0E00B9D134 /* LineupCardView.swift */; };
		5DEFAE021BA9C48E00A9AFC1 /* DraftboardLabel.swift in Sources */ = {isa = PBXBuildFile; fileRef = 5DEFAE011BA9C48E00A9AFC1 /* DraftboardLabel.swift */; };
		5DEFAE041BAA0B4000A9AFC1 /* LineupNewViewController.swift in Sources */ = {isa = PBXBuildFile; fileRef = 5DEFAE031BAA0B4000A9AFC1 /* LineupNewViewController.swift */; };
		932737201BAC9D5E00198AA9 /* ContestsNavigationController.swift in Sources */ = {isa = PBXBuildFile; fileRef = 9327371F1BAC9D5E00198AA9 /* ContestsNavigationController.swift */; };
		932737261BACA53100198AA9 /* ContestModel.swift in Sources */ = {isa = PBXBuildFile; fileRef = 932737251BACA53100198AA9 /* ContestModel.swift */; };
		934931721BB0C6FC005738D4 /* ContestsListController.swift in Sources */ = {isa = PBXBuildFile; fileRef = 934931701BB0C6FC005738D4 /* ContestsListController.swift */; };
		934931731BB0C6FC005738D4 /* ContestsListController.xib in Resources */ = {isa = PBXBuildFile; fileRef = 934931711BB0C6FC005738D4 /* ContestsListController.xib */; };
		934931751BB201E6005738D4 /* DraftboardContestsCell.xib in Resources */ = {isa = PBXBuildFile; fileRef = 934931741BB201E6005738D4 /* DraftboardContestsCell.xib */; };
		934931771BB2068E005738D4 /* DraftboardContestsCell.swift in Sources */ = {isa = PBXBuildFile; fileRef = 934931761BB2068E005738D4 /* DraftboardContestsCell.swift */; };
		9349317A1BB30D4C005738D4 /* ContestsHeaderCell.swift in Sources */ = {isa = PBXBuildFile; fileRef = 934931781BB30D4C005738D4 /* ContestsHeaderCell.swift */; };
		9349317B1BB30D4C005738D4 /* ContestsHeaderCell.xib in Resources */ = {isa = PBXBuildFile; fileRef = 934931791BB30D4C005738D4 /* ContestsHeaderCell.xib */; };
		9349317E1BB33969005738D4 /* DraftboardFilterButton.swift in Sources */ = {isa = PBXBuildFile; fileRef = 9349317C1BB33969005738D4 /* DraftboardFilterButton.swift */; };
		9349317F1BB33969005738D4 /* DraftboardFilterButton.xib in Resources */ = {isa = PBXBuildFile; fileRef = 9349317D1BB33969005738D4 /* DraftboardFilterButton.xib */; };
		934B5EDD1BB4AFFA00502FC6 /* LineupModel.swift in Sources */ = {isa = PBXBuildFile; fileRef = 934B5EDC1BB4AFFA00502FC6 /* LineupModel.swift */; };
/* End PBXBuildFile section */

/* Begin PBXCopyFilesBuildPhase section */
		5DC589471BA2106700B9D134 /* Embed Frameworks */ = {
			isa = PBXCopyFilesBuildPhase;
			buildActionMask = 2147483647;
			dstPath = "";
			dstSubfolderSpec = 10;
			files = (
			);
			name = "Embed Frameworks";
			runOnlyForDeploymentPostprocessing = 0;
		};
/* End PBXCopyFilesBuildPhase section */

/* Begin PBXFileReference section */
		3E7860BB1B9FB0E7004013AB /* Draftboard.app */ = {isa = PBXFileReference; explicitFileType = wrapper.application; includeInIndex = 0; path = Draftboard.app; sourceTree = BUILT_PRODUCTS_DIR; };
		3E7860BF1B9FB0E7004013AB /* Info.plist */ = {isa = PBXFileReference; lastKnownFileType = text.plist.xml; path = Info.plist; sourceTree = "<group>"; };
		3E7860C71B9FB0E7004013AB /* Images.xcassets */ = {isa = PBXFileReference; lastKnownFileType = folder.assetcatalog; path = Images.xcassets; sourceTree = "<group>"; };
		3E7860CA1B9FB0E7004013AB /* Base */ = {isa = PBXFileReference; lastKnownFileType = file.xib; name = Base; path = Base.lproj/LaunchScreen.xib; sourceTree = "<group>"; };
		3E7860E01B9FB195004013AB /* AppDelegate.swift */ = {isa = PBXFileReference; fileEncoding = 4; lastKnownFileType = sourcecode.swift; path = AppDelegate.swift; sourceTree = "<group>"; };
		3E7860E21B9FB1B4004013AB /* TabController.swift */ = {isa = PBXFileReference; fileEncoding = 4; lastKnownFileType = sourcecode.swift; path = TabController.swift; sourceTree = "<group>"; };
		3E7860E41B9FB1CF004013AB /* ResultsViewController.swift */ = {isa = PBXFileReference; fileEncoding = 4; lastKnownFileType = sourcecode.swift; path = ResultsViewController.swift; sourceTree = "<group>"; };
		3E7860E61B9FB1E2004013AB /* LineupsNavigationController.swift */ = {isa = PBXFileReference; fileEncoding = 4; lastKnownFileType = sourcecode.swift; path = LineupsNavigationController.swift; sourceTree = "<group>"; };
		3E7860EA1B9FB204004013AB /* LineupsDetailController.swift */ = {isa = PBXFileReference; fileEncoding = 4; lastKnownFileType = sourcecode.swift; path = LineupsDetailController.swift; sourceTree = "<group>"; };
		3E7860EC1B9FB216004013AB /* ContestsViewController.swift */ = {isa = PBXFileReference; fileEncoding = 4; lastKnownFileType = sourcecode.swift; path = ContestsViewController.swift; sourceTree = "<group>"; };
		3E7860EE1B9FB225004013AB /* AccountViewController.swift */ = {isa = PBXFileReference; fileEncoding = 4; lastKnownFileType = sourcecode.swift; path = AccountViewController.swift; sourceTree = "<group>"; };
		3EA8B5AA1BA7ABC1002EEC32 /* LayoutRancor.swift */ = {isa = PBXFileReference; fileEncoding = 4; lastKnownFileType = sourcecode.swift; path = LayoutRancor.swift; sourceTree = "<group>"; };
		5D4412171BAA163700A86111 /* Closures.swift */ = {isa = PBXFileReference; fileEncoding = 4; lastKnownFileType = sourcecode.swift; path = Closures.swift; sourceTree = "<group>"; };
		5D4E63341BAB75010033C4C2 /* OpenSans-Bold.ttf */ = {isa = PBXFileReference; lastKnownFileType = file; path = "OpenSans-Bold.ttf"; sourceTree = "<group>"; };
		5D4E63351BAB75010033C4C2 /* OpenSans-BoldItalic.ttf */ = {isa = PBXFileReference; lastKnownFileType = file; path = "OpenSans-BoldItalic.ttf"; sourceTree = "<group>"; };
		5D4E63361BAB75010033C4C2 /* OpenSans-ExtraBold.ttf */ = {isa = PBXFileReference; lastKnownFileType = file; path = "OpenSans-ExtraBold.ttf"; sourceTree = "<group>"; };
		5D4E63371BAB75010033C4C2 /* OpenSans-ExtraBoldItalic.ttf */ = {isa = PBXFileReference; lastKnownFileType = file; path = "OpenSans-ExtraBoldItalic.ttf"; sourceTree = "<group>"; };
		5D4E63381BAB75010033C4C2 /* OpenSans-Italic.ttf */ = {isa = PBXFileReference; lastKnownFileType = file; path = "OpenSans-Italic.ttf"; sourceTree = "<group>"; };
		5D4E63391BAB75010033C4C2 /* OpenSans-Light.ttf */ = {isa = PBXFileReference; lastKnownFileType = file; path = "OpenSans-Light.ttf"; sourceTree = "<group>"; };
		5D4E633A1BAB75010033C4C2 /* OpenSans-LightItalic.ttf */ = {isa = PBXFileReference; lastKnownFileType = file; path = "OpenSans-LightItalic.ttf"; sourceTree = "<group>"; };
		5D4E633B1BAB75010033C4C2 /* OpenSans-Regular.ttf */ = {isa = PBXFileReference; lastKnownFileType = file; path = "OpenSans-Regular.ttf"; sourceTree = "<group>"; };
		5D4E633C1BAB75010033C4C2 /* OpenSans-Semibold.ttf */ = {isa = PBXFileReference; lastKnownFileType = file; path = "OpenSans-Semibold.ttf"; sourceTree = "<group>"; };
		5D4E633D1BAB75010033C4C2 /* OpenSans-SemiboldItalic.ttf */ = {isa = PBXFileReference; lastKnownFileType = file; path = "OpenSans-SemiboldItalic.ttf"; sourceTree = "<group>"; };
		5D4E633E1BAB750F0033C4C2 /* Oswald-Bold.ttf */ = {isa = PBXFileReference; lastKnownFileType = file; path = "Oswald-Bold.ttf"; sourceTree = "<group>"; };
		5D4E633F1BAB750F0033C4C2 /* Oswald-Light.ttf */ = {isa = PBXFileReference; lastKnownFileType = file; path = "Oswald-Light.ttf"; sourceTree = "<group>"; };
		5D4E63401BAB750F0033C4C2 /* Oswald-Regular.ttf */ = {isa = PBXFileReference; lastKnownFileType = file; path = "Oswald-Regular.ttf"; sourceTree = "<group>"; };
		5D6AAA5B1BA781E700CEACE7 /* LineupCellView.xib */ = {isa = PBXFileReference; fileEncoding = 4; lastKnownFileType = file.xib; path = LineupCellView.xib; sourceTree = "<group>"; };
		5D6AAA5D1BA7870A00CEACE7 /* LineupCellView.swift */ = {isa = PBXFileReference; fileEncoding = 4; lastKnownFileType = sourcecode.swift; path = LineupCellView.swift; sourceTree = "<group>"; };
		5D6FB0271BAA4C890071A753 /* DraftboardView.swift */ = {isa = PBXFileReference; fileEncoding = 4; lastKnownFileType = sourcecode.swift; path = DraftboardView.swift; sourceTree = "<group>"; };
		5D6FB0291BAA4C9A0071A753 /* DraftboardRoundedButton.swift */ = {isa = PBXFileReference; fileEncoding = 4; lastKnownFileType = sourcecode.swift; path = DraftboardRoundedButton.swift; sourceTree = "<group>"; };
		5D6FB02F1BAA837D0071A753 /* DraftboardNibView.swift */ = {isa = PBXFileReference; fileEncoding = 4; lastKnownFileType = sourcecode.swift; path = DraftboardNibView.swift; sourceTree = "<group>"; };
		5D7AA1981BAB825D0043DE95 /* DraftboardButton.xib */ = {isa = PBXFileReference; fileEncoding = 4; lastKnownFileType = file.xib; path = DraftboardButton.xib; sourceTree = "<group>"; };
		5D7AA19A1BAB82D40043DE95 /* DraftboardButton.swift */ = {isa = PBXFileReference; fileEncoding = 4; lastKnownFileType = sourcecode.swift; path = DraftboardButton.swift; sourceTree = "<group>"; };
		5D81D36E1BA8C0BA003BEEC2 /* LineupCardView.xib */ = {isa = PBXFileReference; fileEncoding = 4; lastKnownFileType = file.xib; path = LineupCardView.xib; sourceTree = "<group>"; };
		5D81D3701BA8D1AD003BEEC2 /* LineupEmptyCellView.xib */ = {isa = PBXFileReference; fileEncoding = 4; lastKnownFileType = file.xib; path = LineupEmptyCellView.xib; sourceTree = "<group>"; };
		5D81D3721BA8D1BC003BEEC2 /* LineupEmptyCellView.swift */ = {isa = PBXFileReference; fileEncoding = 4; lastKnownFileType = sourcecode.swift; path = LineupEmptyCellView.swift; sourceTree = "<group>"; };
		5D81D3741BA8D54F003BEEC2 /* LineupsListController.swift */ = {isa = PBXFileReference; fileEncoding = 4; lastKnownFileType = sourcecode.swift; path = LineupsListController.swift; sourceTree = "<group>"; };
		5D81D3761BA8D56B003BEEC2 /* LineupNewViewController.xib */ = {isa = PBXFileReference; fileEncoding = 4; lastKnownFileType = file.xib; path = LineupNewViewController.xib; sourceTree = "<group>"; };
		5D96FBDF1BAB863F000CBBC4 /* DraftboardRoundedButton.xib */ = {isa = PBXFileReference; fileEncoding = 4; lastKnownFileType = file.xib; path = DraftboardRoundedButton.xib; sourceTree = "<group>"; };
		5D96FBE11BAB870C000CBBC4 /* DraftboardIconButton.xib */ = {isa = PBXFileReference; fileEncoding = 4; lastKnownFileType = file.xib; path = DraftboardIconButton.xib; sourceTree = "<group>"; };
		5D96FBE31BAB8723000CBBC4 /* DraftboardIconButton.swift */ = {isa = PBXFileReference; fileEncoding = 4; lastKnownFileType = sourcecode.swift; path = DraftboardIconButton.swift; sourceTree = "<group>"; };
		5D9C2FCC1BAC685E0076355D /* basketball-lineup.jpg */ = {isa = PBXFileReference; lastKnownFileType = image.jpeg; path = "basketball-lineup.jpg"; sourceTree = "<group>"; };
		5D9C2FCE1BAC68910076355D /* LineupListController.xib */ = {isa = PBXFileReference; fileEncoding = 4; lastKnownFileType = file.xib; path = LineupListController.xib; sourceTree = "<group>"; };
		5D9C2FD01BAC69BF0076355D /* court-floor.jpg */ = {isa = PBXFileReference; lastKnownFileType = image.jpeg; path = "court-floor.jpg"; sourceTree = "<group>"; };
		5D9C2FD21BAC83510076355D /* DraftboardImageView.swift */ = {isa = PBXFileReference; fileEncoding = 4; lastKnownFileType = sourcecode.swift; path = DraftboardImageView.swift; sourceTree = "<group>"; };
		5D9C2FD41BAC97570076355D /* UIColor+DraftboardColors.swift */ = {isa = PBXFileReference; fileEncoding = 4; lastKnownFileType = sourcecode.swift; path = "UIColor+DraftboardColors.swift"; sourceTree = "<group>"; };
		5DC589421BA1DC0E00B9D134 /* LineupCardView.swift */ = {isa = PBXFileReference; fileEncoding = 4; lastKnownFileType = sourcecode.swift; path = LineupCardView.swift; sourceTree = "<group>"; };
		5DEFAE011BA9C48E00A9AFC1 /* DraftboardLabel.swift */ = {isa = PBXFileReference; fileEncoding = 4; lastKnownFileType = sourcecode.swift; path = DraftboardLabel.swift; sourceTree = "<group>"; };
		5DEFAE031BAA0B4000A9AFC1 /* LineupNewViewController.swift */ = {isa = PBXFileReference; fileEncoding = 4; lastKnownFileType = sourcecode.swift; path = LineupNewViewController.swift; sourceTree = "<group>"; };
		9327371F1BAC9D5E00198AA9 /* ContestsNavigationController.swift */ = {isa = PBXFileReference; fileEncoding = 4; lastKnownFileType = sourcecode.swift; path = ContestsNavigationController.swift; sourceTree = "<group>"; };
		932737251BACA53100198AA9 /* ContestModel.swift */ = {isa = PBXFileReference; fileEncoding = 4; lastKnownFileType = sourcecode.swift; name = ContestModel.swift; path = Contests/ContestModel.swift; sourceTree = "<group>"; };
		934931701BB0C6FC005738D4 /* ContestsListController.swift */ = {isa = PBXFileReference; fileEncoding = 4; lastKnownFileType = sourcecode.swift; name = ContestsListController.swift; path = Contests/ContestsListController.swift; sourceTree = "<group>"; };
		934931711BB0C6FC005738D4 /* ContestsListController.xib */ = {isa = PBXFileReference; fileEncoding = 4; lastKnownFileType = file.xib; name = ContestsListController.xib; path = Contests/ContestsListController.xib; sourceTree = "<group>"; };
		934931741BB201E6005738D4 /* DraftboardContestsCell.xib */ = {isa = PBXFileReference; fileEncoding = 4; lastKnownFileType = file.xib; name = DraftboardContestsCell.xib; path = Contests/DraftboardContestsCell.xib; sourceTree = "<group>"; };
		934931761BB2068E005738D4 /* DraftboardContestsCell.swift */ = {isa = PBXFileReference; fileEncoding = 4; lastKnownFileType = sourcecode.swift; name = DraftboardContestsCell.swift; path = Contests/DraftboardContestsCell.swift; sourceTree = "<group>"; };
		934931781BB30D4C005738D4 /* ContestsHeaderCell.swift */ = {isa = PBXFileReference; fileEncoding = 4; lastKnownFileType = sourcecode.swift; name = ContestsHeaderCell.swift; path = Contests/ContestsHeaderCell.swift; sourceTree = "<group>"; };
		934931791BB30D4C005738D4 /* ContestsHeaderCell.xib */ = {isa = PBXFileReference; fileEncoding = 4; lastKnownFileType = file.xib; name = ContestsHeaderCell.xib; path = Contests/ContestsHeaderCell.xib; sourceTree = "<group>"; };
		9349317C1BB33969005738D4 /* DraftboardFilterButton.swift */ = {isa = PBXFileReference; fileEncoding = 4; lastKnownFileType = sourcecode.swift; path = DraftboardFilterButton.swift; sourceTree = "<group>"; };
		9349317D1BB33969005738D4 /* DraftboardFilterButton.xib */ = {isa = PBXFileReference; fileEncoding = 4; lastKnownFileType = file.xib; path = DraftboardFilterButton.xib; sourceTree = "<group>"; };
		934B5EDC1BB4AFFA00502FC6 /* LineupModel.swift */ = {isa = PBXFileReference; fileEncoding = 4; lastKnownFileType = sourcecode.swift; path = LineupModel.swift; sourceTree = "<group>"; };
/* End PBXFileReference section */

/* Begin PBXFrameworksBuildPhase section */
		3E7860B81B9FB0E7004013AB /* Frameworks */ = {
			isa = PBXFrameworksBuildPhase;
			buildActionMask = 2147483647;
			files = (
			);
			runOnlyForDeploymentPostprocessing = 0;
		};
/* End PBXFrameworksBuildPhase section */

/* Begin PBXGroup section */
		3E7860B21B9FB0E7004013AB = {
			isa = PBXGroup;
			children = (
				3E7860BD1B9FB0E7004013AB /* Draftboard */,
				3E7860BC1B9FB0E7004013AB /* Products */,
			);
			sourceTree = "<group>";
		};
		3E7860BC1B9FB0E7004013AB /* Products */ = {
			isa = PBXGroup;
			children = (
				3E7860BB1B9FB0E7004013AB /* Draftboard.app */,
			);
			name = Products;
			sourceTree = "<group>";
		};
		3E7860BD1B9FB0E7004013AB /* Draftboard */ = {
			isa = PBXGroup;
			children = (
				5D9C2FCB1BAC681D0076355D /* Photos */,
				5D4E63331BAB74AD0033C4C2 /* Fonts */,
				5DEFAE001BA9C43100A9AFC1 /* UI */,
				5DC589411BA1DBDB00B9D134 /* Lineup */,
				9327371E1BAC9CFB00198AA9 /* Contests */,
				3E7860E01B9FB195004013AB /* AppDelegate.swift */,
				3E7860E21B9FB1B4004013AB /* TabController.swift */,
				3E7860E41B9FB1CF004013AB /* ResultsViewController.swift */,
				3E7860E61B9FB1E2004013AB /* LineupsNavigationController.swift */,
				3E7860EA1B9FB204004013AB /* LineupsDetailController.swift */,
				9327371F1BAC9D5E00198AA9 /* ContestsNavigationController.swift */,
				3E7860EC1B9FB216004013AB /* ContestsViewController.swift */,
				3E7860EE1B9FB225004013AB /* AccountViewController.swift */,
				3EA8B5AA1BA7ABC1002EEC32 /* LayoutRancor.swift */,
				3E7860C71B9FB0E7004013AB /* Images.xcassets */,
				3E7860C91B9FB0E7004013AB /* LaunchScreen.xib */,
				3E7860BE1B9FB0E7004013AB /* Supporting Files */,
				5D4412171BAA163700A86111 /* Closures.swift */,
			);
			path = Draftboard;
			sourceTree = "<group>";
		};
		3E7860BE1B9FB0E7004013AB /* Supporting Files */ = {
			isa = PBXGroup;
			children = (
				3E7860BF1B9FB0E7004013AB /* Info.plist */,
			);
			name = "Supporting Files";
			sourceTree = "<group>";
		};
		5D4E63331BAB74AD0033C4C2 /* Fonts */ = {
			isa = PBXGroup;
			children = (
				5D4E633E1BAB750F0033C4C2 /* Oswald-Bold.ttf */,
				5D4E633F1BAB750F0033C4C2 /* Oswald-Light.ttf */,
				5D4E63401BAB750F0033C4C2 /* Oswald-Regular.ttf */,
				5D4E63341BAB75010033C4C2 /* OpenSans-Bold.ttf */,
				5D4E63351BAB75010033C4C2 /* OpenSans-BoldItalic.ttf */,
				5D4E63361BAB75010033C4C2 /* OpenSans-ExtraBold.ttf */,
				5D4E63371BAB75010033C4C2 /* OpenSans-ExtraBoldItalic.ttf */,
				5D4E63381BAB75010033C4C2 /* OpenSans-Italic.ttf */,
				5D4E63391BAB75010033C4C2 /* OpenSans-Light.ttf */,
				5D4E633A1BAB75010033C4C2 /* OpenSans-LightItalic.ttf */,
				5D4E633B1BAB75010033C4C2 /* OpenSans-Regular.ttf */,
				5D4E633C1BAB75010033C4C2 /* OpenSans-Semibold.ttf */,
				5D4E633D1BAB75010033C4C2 /* OpenSans-SemiboldItalic.ttf */,
			);
			path = Fonts;
			sourceTree = "<group>";
		};
		5D9C2FCB1BAC681D0076355D /* Photos */ = {
			isa = PBXGroup;
			children = (
				5D9C2FD01BAC69BF0076355D /* court-floor.jpg */,
				5D9C2FCC1BAC685E0076355D /* basketball-lineup.jpg */,
			);
			path = Photos;
			sourceTree = "<group>";
		};
		5DC589411BA1DBDB00B9D134 /* Lineup */ = {
			isa = PBXGroup;
			children = (
				5D9C2FCE1BAC68910076355D /* LineupListController.xib */,
				5D81D3741BA8D54F003BEEC2 /* LineupsListController.swift */,
				5D81D36E1BA8C0BA003BEEC2 /* LineupCardView.xib */,
				5DC589421BA1DC0E00B9D134 /* LineupCardView.swift */,
				5D6AAA5B1BA781E700CEACE7 /* LineupCellView.xib */,
				5D6AAA5D1BA7870A00CEACE7 /* LineupCellView.swift */,
				5D81D3701BA8D1AD003BEEC2 /* LineupEmptyCellView.xib */,
				5D81D3721BA8D1BC003BEEC2 /* LineupEmptyCellView.swift */,
				5D81D3761BA8D56B003BEEC2 /* LineupNewViewController.xib */,
				5DEFAE031BAA0B4000A9AFC1 /* LineupNewViewController.swift */,
				934B5EDC1BB4AFFA00502FC6 /* LineupModel.swift */,
			);
			path = Lineup;
			sourceTree = "<group>";
		};
		5DEFAE001BA9C43100A9AFC1 /* UI */ = {
			isa = PBXGroup;
			children = (
				5DEFAE011BA9C48E00A9AFC1 /* DraftboardLabel.swift */,
				5D6FB0271BAA4C890071A753 /* DraftboardView.swift */,
				5D96FBDF1BAB863F000CBBC4 /* DraftboardRoundedButton.xib */,
				5D6FB0291BAA4C9A0071A753 /* DraftboardRoundedButton.swift */,
				5D6FB02F1BAA837D0071A753 /* DraftboardNibView.swift */,
				5D7AA1981BAB825D0043DE95 /* DraftboardButton.xib */,
				5D7AA19A1BAB82D40043DE95 /* DraftboardButton.swift */,
				5D96FBE11BAB870C000CBBC4 /* DraftboardIconButton.xib */,
				5D96FBE31BAB8723000CBBC4 /* DraftboardIconButton.swift */,
				5D9C2FD21BAC83510076355D /* DraftboardImageView.swift */,
				5D9C2FD41BAC97570076355D /* UIColor+DraftboardColors.swift */,
				9349317D1BB33969005738D4 /* DraftboardFilterButton.xib */,
				9349317C1BB33969005738D4 /* DraftboardFilterButton.swift */,
			);
			path = UI;
			sourceTree = "<group>";
		};
		9327371E1BAC9CFB00198AA9 /* Contests */ = {
			isa = PBXGroup;
			children = (
				934931711BB0C6FC005738D4 /* ContestsListController.xib */,
				934931701BB0C6FC005738D4 /* ContestsListController.swift */,
				934931741BB201E6005738D4 /* DraftboardContestsCell.xib */,
				934931761BB2068E005738D4 /* DraftboardContestsCell.swift */,
				934931791BB30D4C005738D4 /* ContestsHeaderCell.xib */,
				934931781BB30D4C005738D4 /* ContestsHeaderCell.swift */,
				932737251BACA53100198AA9 /* ContestModel.swift */,
			);
			name = Contests;
			sourceTree = "<group>";
		};
/* End PBXGroup section */

/* Begin PBXNativeTarget section */
		3E7860BA1B9FB0E7004013AB /* Draftboard */ = {
			isa = PBXNativeTarget;
			buildConfigurationList = 3E7860DA1B9FB0E7004013AB /* Build configuration list for PBXNativeTarget "Draftboard" */;
			buildPhases = (
				3E7860B71B9FB0E7004013AB /* Sources */,
				3E7860B81B9FB0E7004013AB /* Frameworks */,
				3E7860B91B9FB0E7004013AB /* Resources */,
				5DC589471BA2106700B9D134 /* Embed Frameworks */,
			);
			buildRules = (
			);
			dependencies = (
			);
			name = Draftboard;
			productName = Draftboard;
			productReference = 3E7860BB1B9FB0E7004013AB /* Draftboard.app */;
			productType = "com.apple.product-type.application";
		};
/* End PBXNativeTarget section */

/* Begin PBXProject section */
		3E7860B31B9FB0E7004013AB /* Project object */ = {
			isa = PBXProject;
			attributes = {
				LastSwiftUpdateCheck = 0710;
				LastUpgradeCheck = 0710;
				ORGANIZATIONNAME = "Rally Interactive";
				TargetAttributes = {
					3E7860BA1B9FB0E7004013AB = {
						CreatedOnToolsVersion = 6.4;
						DevelopmentTeam = 7S97C3YSZ2;
					};
				};
			};
			buildConfigurationList = 3E7860B61B9FB0E7004013AB /* Build configuration list for PBXProject "Draftboard" */;
			compatibilityVersion = "Xcode 3.2";
			developmentRegion = English;
			hasScannedForEncodings = 0;
			knownRegions = (
				en,
				Base,
			);
			mainGroup = 3E7860B21B9FB0E7004013AB;
			productRefGroup = 3E7860BC1B9FB0E7004013AB /* Products */;
			projectDirPath = "";
			projectRoot = "";
			targets = (
				3E7860BA1B9FB0E7004013AB /* Draftboard */,
			);
		};
/* End PBXProject section */

/* Begin PBXResourcesBuildPhase section */
		3E7860B91B9FB0E7004013AB /* Resources */ = {
			isa = PBXResourcesBuildPhase;
			buildActionMask = 2147483647;
			files = (
				5D6AAA5C1BA781E700CEACE7 /* LineupCellView.xib in Resources */,
				5D9C2FCD1BAC685E0076355D /* basketball-lineup.jpg in Resources */,
				5D9C2FD11BAC69BF0076355D /* court-floor.jpg in Resources */,
				5D81D36F1BA8C0BA003BEEC2 /* LineupCardView.xib in Resources */,
				3E7860CB1B9FB0E7004013AB /* LaunchScreen.xib in Resources */,
				3E7860C81B9FB0E7004013AB /* Images.xcassets in Resources */,
				5D81D3771BA8D56B003BEEC2 /* LineupNewViewController.xib in Resources */,
				5D9C2FCF1BAC68910076355D /* LineupListController.xib in Resources */,
				5D81D3711BA8D1AD003BEEC2 /* LineupEmptyCellView.xib in Resources */,
				934931731BB0C6FC005738D4 /* ContestsListController.xib in Resources */,
				5D4E63411BAB75D80033C4C2 /* Oswald-Bold.ttf in Resources */,
				5D4E63421BAB75D80033C4C2 /* Oswald-Light.ttf in Resources */,
				5D4E63431BAB75D80033C4C2 /* Oswald-Regular.ttf in Resources */,
				5D96FBE01BAB863F000CBBC4 /* DraftboardRoundedButton.xib in Resources */,
				5D4E63441BAB75D80033C4C2 /* OpenSans-Bold.ttf in Resources */,
				9349317F1BB33969005738D4 /* DraftboardFilterButton.xib in Resources */,
				5D96FBE21BAB870C000CBBC4 /* DraftboardIconButton.xib in Resources */,
				5D4E63451BAB75D80033C4C2 /* OpenSans-BoldItalic.ttf in Resources */,
				5D4E63461BAB75D80033C4C2 /* OpenSans-ExtraBold.ttf in Resources */,
				5D4E63471BAB75D80033C4C2 /* OpenSans-ExtraBoldItalic.ttf in Resources */,
				5D4E63481BAB75D80033C4C2 /* OpenSans-Italic.ttf in Resources */,
				5D4E63491BAB75D80033C4C2 /* OpenSans-Light.ttf in Resources */,
				5D7AA1991BAB825D0043DE95 /* DraftboardButton.xib in Resources */,
				5D4E634A1BAB75D80033C4C2 /* OpenSans-LightItalic.ttf in Resources */,
				5D4E634B1BAB75D80033C4C2 /* OpenSans-Regular.ttf in Resources */,
				5D4E634C1BAB75D80033C4C2 /* OpenSans-Semibold.ttf in Resources */,
				5D4E634D1BAB75D80033C4C2 /* OpenSans-SemiboldItalic.ttf in Resources */,
				934931751BB201E6005738D4 /* DraftboardContestsCell.xib in Resources */,
				9349317B1BB30D4C005738D4 /* ContestsHeaderCell.xib in Resources */,
			);
			runOnlyForDeploymentPostprocessing = 0;
		};
/* End PBXResourcesBuildPhase section */

/* Begin PBXSourcesBuildPhase section */
		3E7860B71B9FB0E7004013AB /* Sources */ = {
			isa = PBXSourcesBuildPhase;
			buildActionMask = 2147483647;
			files = (
				9349317E1BB33969005738D4 /* DraftboardFilterButton.swift in Sources */,
				934931721BB0C6FC005738D4 /* ContestsListController.swift in Sources */,
				3E7860E71B9FB1E2004013AB /* LineupsNavigationController.swift in Sources */,
				5D6AAA5E1BA7870A00CEACE7 /* LineupCellView.swift in Sources */,
				934931771BB2068E005738D4 /* DraftboardContestsCell.swift in Sources */,
				5D4412181BAA163700A86111 /* Closures.swift in Sources */,
				5D6FB0281BAA4C890071A753 /* DraftboardView.swift in Sources */,
				5D9C2FD31BAC83510076355D /* DraftboardImageView.swift in Sources */,
				9349317A1BB30D4C005738D4 /* ContestsHeaderCell.swift in Sources */,
				5DEFAE041BAA0B4000A9AFC1 /* LineupNewViewController.swift in Sources */,
				3E7860E11B9FB195004013AB /* AppDelegate.swift in Sources */,
				3E7860EF1B9FB225004013AB /* AccountViewController.swift in Sources */,
				5D9C2FD51BAC97570076355D /* UIColor+DraftboardColors.swift in Sources */,
				5DC589431BA1DC0E00B9D134 /* LineupCardView.swift in Sources */,
				5D6FB0301BAA837D0071A753 /* DraftboardNibView.swift in Sources */,
				5DEFAE021BA9C48E00A9AFC1 /* DraftboardLabel.swift in Sources */,
				932737261BACA53100198AA9 /* ContestModel.swift in Sources */,
				5D7AA19B1BAB82D40043DE95 /* DraftboardButton.swift in Sources */,
				934B5EDD1BB4AFFA00502FC6 /* LineupModel.swift in Sources */,
				5D96FBE41BAB8723000CBBC4 /* DraftboardIconButton.swift in Sources */,
				3E7860E31B9FB1B4004013AB /* TabController.swift in Sources */,
				3E7860EB1B9FB204004013AB /* LineupsDetailController.swift in Sources */,
				5D81D3731BA8D1BC003BEEC2 /* LineupEmptyCellView.swift in Sources */,
				5D81D3751BA8D54F003BEEC2 /* LineupsListController.swift in Sources */,
				3E7860ED1B9FB216004013AB /* ContestsViewController.swift in Sources */,
				3E7860E51B9FB1CF004013AB /* ResultsViewController.swift in Sources */,
				932737201BAC9D5E00198AA9 /* ContestsNavigationController.swift in Sources */,
				3EA8B5AB1BA7ABC1002EEC32 /* LayoutRancor.swift in Sources */,
				5D6FB02A1BAA4C9A0071A753 /* DraftboardRoundedButton.swift in Sources */,
			);
			runOnlyForDeploymentPostprocessing = 0;
		};
/* End PBXSourcesBuildPhase section */

/* Begin PBXVariantGroup section */
		3E7860C91B9FB0E7004013AB /* LaunchScreen.xib */ = {
			isa = PBXVariantGroup;
			children = (
				3E7860CA1B9FB0E7004013AB /* Base */,
			);
			name = LaunchScreen.xib;
			sourceTree = "<group>";
		};
/* End PBXVariantGroup section */

/* Begin XCBuildConfiguration section */
		3E7860D81B9FB0E7004013AB /* Debug */ = {
			isa = XCBuildConfiguration;
			buildSettings = {
				ALWAYS_SEARCH_USER_PATHS = NO;
				CLANG_CXX_LANGUAGE_STANDARD = "gnu++0x";
				CLANG_CXX_LIBRARY = "libc++";
				CLANG_ENABLE_MODULES = YES;
				CLANG_ENABLE_OBJC_ARC = YES;
				CLANG_WARN_BOOL_CONVERSION = YES;
				CLANG_WARN_CONSTANT_CONVERSION = YES;
				CLANG_WARN_DIRECT_OBJC_ISA_USAGE = YES_ERROR;
				CLANG_WARN_EMPTY_BODY = YES;
				CLANG_WARN_ENUM_CONVERSION = YES;
				CLANG_WARN_INT_CONVERSION = YES;
				CLANG_WARN_OBJC_ROOT_CLASS = YES_ERROR;
				CLANG_WARN_UNREACHABLE_CODE = YES;
				CLANG_WARN__DUPLICATE_METHOD_MATCH = YES;
				"CODE_SIGN_IDENTITY[sdk=iphoneos*]" = "iPhone Developer";
				COPY_PHASE_STRIP = NO;
				DEBUG_INFORMATION_FORMAT = "dwarf-with-dsym";
				ENABLE_STRICT_OBJC_MSGSEND = YES;
				ENABLE_TESTABILITY = YES;
				GCC_C_LANGUAGE_STANDARD = gnu99;
				GCC_DYNAMIC_NO_PIC = NO;
				GCC_NO_COMMON_BLOCKS = YES;
				GCC_OPTIMIZATION_LEVEL = 0;
				GCC_PREPROCESSOR_DEFINITIONS = (
					"DEBUG=1",
					"$(inherited)",
				);
				GCC_SYMBOLS_PRIVATE_EXTERN = NO;
				GCC_WARN_64_TO_32_BIT_CONVERSION = YES;
				GCC_WARN_ABOUT_RETURN_TYPE = YES_ERROR;
				GCC_WARN_UNDECLARED_SELECTOR = YES;
				GCC_WARN_UNINITIALIZED_AUTOS = YES_AGGRESSIVE;
				GCC_WARN_UNUSED_FUNCTION = YES;
				GCC_WARN_UNUSED_VARIABLE = YES;
				IPHONEOS_DEPLOYMENT_TARGET = 8.4;
				MTL_ENABLE_DEBUG_INFO = YES;
				ONLY_ACTIVE_ARCH = YES;
				SDKROOT = iphoneos;
				SWIFT_OPTIMIZATION_LEVEL = "-Onone";
			};
			name = Debug;
		};
		3E7860D91B9FB0E7004013AB /* Release */ = {
			isa = XCBuildConfiguration;
			buildSettings = {
				ALWAYS_SEARCH_USER_PATHS = NO;
				CLANG_CXX_LANGUAGE_STANDARD = "gnu++0x";
				CLANG_CXX_LIBRARY = "libc++";
				CLANG_ENABLE_MODULES = YES;
				CLANG_ENABLE_OBJC_ARC = YES;
				CLANG_WARN_BOOL_CONVERSION = YES;
				CLANG_WARN_CONSTANT_CONVERSION = YES;
				CLANG_WARN_DIRECT_OBJC_ISA_USAGE = YES_ERROR;
				CLANG_WARN_EMPTY_BODY = YES;
				CLANG_WARN_ENUM_CONVERSION = YES;
				CLANG_WARN_INT_CONVERSION = YES;
				CLANG_WARN_OBJC_ROOT_CLASS = YES_ERROR;
				CLANG_WARN_UNREACHABLE_CODE = YES;
				CLANG_WARN__DUPLICATE_METHOD_MATCH = YES;
				"CODE_SIGN_IDENTITY[sdk=iphoneos*]" = "iPhone Developer";
				COPY_PHASE_STRIP = NO;
				DEBUG_INFORMATION_FORMAT = "dwarf-with-dsym";
				ENABLE_NS_ASSERTIONS = NO;
				ENABLE_STRICT_OBJC_MSGSEND = YES;
				GCC_C_LANGUAGE_STANDARD = gnu99;
				GCC_NO_COMMON_BLOCKS = YES;
				GCC_WARN_64_TO_32_BIT_CONVERSION = YES;
				GCC_WARN_ABOUT_RETURN_TYPE = YES_ERROR;
				GCC_WARN_UNDECLARED_SELECTOR = YES;
				GCC_WARN_UNINITIALIZED_AUTOS = YES_AGGRESSIVE;
				GCC_WARN_UNUSED_FUNCTION = YES;
				GCC_WARN_UNUSED_VARIABLE = YES;
				IPHONEOS_DEPLOYMENT_TARGET = 8.4;
				MTL_ENABLE_DEBUG_INFO = NO;
				SDKROOT = iphoneos;
				VALIDATE_PRODUCT = YES;
			};
			name = Release;
		};
		3E7860DB1B9FB0E7004013AB /* Debug */ = {
			isa = XCBuildConfiguration;
			buildSettings = {
				ASSETCATALOG_COMPILER_APPICON_NAME = AppIcon;
				CLANG_ENABLE_MODULES = YES;
				CODE_SIGN_IDENTITY = "iPhone Developer";
				"CODE_SIGN_IDENTITY[sdk=iphoneos*]" = "iPhone Developer";
				FRAMEWORK_SEARCH_PATHS = (
					"$(inherited)",
					"$(PROJECT_DIR)/Carthage/Build/iOS",
				);
				INFOPLIST_FILE = Draftboard/Info.plist;
				IPHONEOS_DEPLOYMENT_TARGET = 8.0;
				LD_RUNPATH_SEARCH_PATHS = "$(inherited) @executable_path/Frameworks";
				PRODUCT_BUNDLE_IDENTIFIER = com.rallyinteractive.draftboard;
				PRODUCT_NAME = "$(TARGET_NAME)";
				SWIFT_OPTIMIZATION_LEVEL = "-Onone";
			};
			name = Debug;
		};
		3E7860DC1B9FB0E7004013AB /* Release */ = {
			isa = XCBuildConfiguration;
			buildSettings = {
				ASSETCATALOG_COMPILER_APPICON_NAME = AppIcon;
				CLANG_ENABLE_MODULES = YES;
				CODE_SIGN_IDENTITY = "iPhone Developer";
				FRAMEWORK_SEARCH_PATHS = (
					"$(inherited)",
					"$(PROJECT_DIR)/Carthage/Build/iOS",
				);
				INFOPLIST_FILE = Draftboard/Info.plist;
				IPHONEOS_DEPLOYMENT_TARGET = 8.0;
				LD_RUNPATH_SEARCH_PATHS = "$(inherited) @executable_path/Frameworks";
				PRODUCT_BUNDLE_IDENTIFIER = com.rallyinteractive.draftboard;
				PRODUCT_NAME = "$(TARGET_NAME)";
			};
			name = Release;
		};
/* End XCBuildConfiguration section */

/* Begin XCConfigurationList section */
		3E7860B61B9FB0E7004013AB /* Build configuration list for PBXProject "Draftboard" */ = {
			isa = XCConfigurationList;
			buildConfigurations = (
				3E7860D81B9FB0E7004013AB /* Debug */,
				3E7860D91B9FB0E7004013AB /* Release */,
			);
			defaultConfigurationIsVisible = 0;
			defaultConfigurationName = Release;
		};
		3E7860DA1B9FB0E7004013AB /* Build configuration list for PBXNativeTarget "Draftboard" */ = {
			isa = XCConfigurationList;
			buildConfigurations = (
				3E7860DB1B9FB0E7004013AB /* Debug */,
				3E7860DC1B9FB0E7004013AB /* Release */,
			);
			defaultConfigurationIsVisible = 0;
			defaultConfigurationName = Release;
		};
/* End XCConfigurationList section */
	};
	rootObject = 3E7860B31B9FB0E7004013AB /* Project object */;
}
